// !$*UTF8*$!
{
	archiveVersion = 1;
	classes = {
	};
	objectVersion = 50;
	objects = {

/* Begin PBXBuildFile section */
		6FB028582147B45C00E1B90B /* Main.storyboard in Resources */ = {isa = PBXBuildFile; fileRef = 6FB028562147B45C00E1B90B /* Main.storyboard */; };
		6FB0285A2147B45D00E1B90B /* Assets.xcassets in Resources */ = {isa = PBXBuildFile; fileRef = 6FB028592147B45D00E1B90B /* Assets.xcassets */; };
		6FB0285D2147B45D00E1B90B /* LaunchScreen.storyboard in Resources */ = {isa = PBXBuildFile; fileRef = 6FB0285B2147B45D00E1B90B /* LaunchScreen.storyboard */; };
		6FB028602147B45D00E1B90B /* main.m in Sources */ = {isa = PBXBuildFile; fileRef = 6FB0285F2147B45D00E1B90B /* main.m */; };
		6FB028772147B49C00E1B90B /* ViewController.m in Sources */ = {isa = PBXBuildFile; fileRef = 6FB0286A2147B49A00E1B90B /* ViewController.m */; };
		6FB028782147B49C00E1B90B /* AppDelegate.m in Sources */ = {isa = PBXBuildFile; fileRef = 6FB0286B2147B49A00E1B90B /* AppDelegate.m */; };
		6FB0287B2147B80700E1B90B /* YYHttpRequest.m in Sources */ = {isa = PBXBuildFile; fileRef = 6FB0287A2147B80700E1B90B /* YYHttpRequest.m */; };
		6FB028802147B88100E1B90B /* UITableView+PlaceHolder.m in Sources */ = {isa = PBXBuildFile; fileRef = 6FB0287D2147B88100E1B90B /* UITableView+PlaceHolder.m */; };
		6FB028812147B88100E1B90B /* NSDictionary+Log.m in Sources */ = {isa = PBXBuildFile; fileRef = 6FB0287E2147B88100E1B90B /* NSDictionary+Log.m */; };
		6FB028852147B8A000E1B90B /* TimeTools.m in Sources */ = {isa = PBXBuildFile; fileRef = 6FB028832147B89F00E1B90B /* TimeTools.m */; };
		BA6DC3B17E487FE89E30F81F /* libPods-MXTourism.a in Frameworks */ = {isa = PBXBuildFile; fileRef = 2216498F849F949F327C1695 /* libPods-MXTourism.a */; };
		D7030BC82147C0F40035687E /* MainViewController.m in Sources */ = {isa = PBXBuildFile; fileRef = D7030BC62147C0F40035687E /* MainViewController.m */; };
		D713D7DE2148A48D00C4CC4D /* MXLoginAlertView.m in Sources */ = {isa = PBXBuildFile; fileRef = D713D7DD2148A48D00C4CC4D /* MXLoginAlertView.m */; };
		D713D7E32148ADBD00C4CC4D /* UIImageView+CornerRadius.m in Sources */ = {isa = PBXBuildFile; fileRef = D713D7DF2148ADBC00C4CC4D /* UIImageView+CornerRadius.m */; };
		D713D7E42148ADBD00C4CC4D /* UIView+CornerRadius.m in Sources */ = {isa = PBXBuildFile; fileRef = D713D7E22148ADBD00C4CC4D /* UIView+CornerRadius.m */; };
		D713D7ED2148ECFF00C4CC4D /* RootViewController.m in Sources */ = {isa = PBXBuildFile; fileRef = D713D7EC2148ECFF00C4CC4D /* RootViewController.m */; };
		D713D7F32149082300C4CC4D /* MXTabBarController.m in Sources */ = {isa = PBXBuildFile; fileRef = D713D7F12149082300C4CC4D /* MXTabBarController.m */; };
		D713D7F6214908B300C4CC4D /* MXHomeViewController.m in Sources */ = {isa = PBXBuildFile; fileRef = D713D7F5214908B300C4CC4D /* MXHomeViewController.m */; };
		D713D7F9214908C200C4CC4D /* MXLocationViewController.m in Sources */ = {isa = PBXBuildFile; fileRef = D713D7F8214908C200C4CC4D /* MXLocationViewController.m */; };
		D713D7FC214908D700C4CC4D /* MXMineViewController.m in Sources */ = {isa = PBXBuildFile; fileRef = D713D7FB214908D700C4CC4D /* MXMineViewController.m */; };
		D713D7FF214908E900C4CC4D /* MXRecommendViewController.m in Sources */ = {isa = PBXBuildFile; fileRef = D713D7FE214908E900C4CC4D /* MXRecommendViewController.m */; };
		D713D8022149125F00C4CC4D /* BaseViewController.m in Sources */ = {isa = PBXBuildFile; fileRef = D713D8012149125F00C4CC4D /* BaseViewController.m */; };
		D72AE7102153881200516198 /* AlertControllerMaker.m in Sources */ = {isa = PBXBuildFile; fileRef = D72AE70E2153881200516198 /* AlertControllerMaker.m */; };
		D73EE806214B552700C48C8B /* WLScrollView.m in Sources */ = {isa = PBXBuildFile; fileRef = D73EE802214B552600C48C8B /* WLScrollView.m */; };
		D73EE807214B552700C48C8B /* WLSubView.m in Sources */ = {isa = PBXBuildFile; fileRef = D73EE803214B552600C48C8B /* WLSubView.m */; };
		D73EE80D214B57FB00C48C8B /* MXBannerCell.m in Sources */ = {isa = PBXBuildFile; fileRef = D73EE80C214B57FB00C48C8B /* MXBannerCell.m */; };
		D74D275D215485AC00B1310F /* MXAboutViewController.m in Sources */ = {isa = PBXBuildFile; fileRef = D74D275B215485AC00B1310F /* MXAboutViewController.m */; };
		D74D275E215485AC00B1310F /* MXAboutViewController.xib in Resources */ = {isa = PBXBuildFile; fileRef = D74D275C215485AC00B1310F /* MXAboutViewController.xib */; };
		D74D276121549B9E00B1310F /* MXNavigationController.m in Sources */ = {isa = PBXBuildFile; fileRef = D74D276021549B9E00B1310F /* MXNavigationController.m */; };
		D7B104E72150A01900F44B7C /* MXResultsViewController.m in Sources */ = {isa = PBXBuildFile; fileRef = D7B104E62150A01900F44B7C /* MXResultsViewController.m */; };
		D7B104EA2150A11500F44B7C /* YYSQLiteManager.m in Sources */ = {isa = PBXBuildFile; fileRef = D7B104E92150A11400F44B7C /* YYSQLiteManager.m */; };
		D7B104EE2150A46200F44B7C /* MXFeaturedSpotsCell.m in Sources */ = {isa = PBXBuildFile; fileRef = D7B104EC2150A46200F44B7C /* MXFeaturedSpotsCell.m */; };
		D7B104EF2150A46200F44B7C /* MXFeaturedSpotsCell.xib in Resources */ = {isa = PBXBuildFile; fileRef = D7B104ED2150A46200F44B7C /* MXFeaturedSpotsCell.xib */; };
		D7B105002150F81900F44B7C /* MXUpdatePersonInfoVC.m in Sources */ = {isa = PBXBuildFile; fileRef = D7B104FD2150F81900F44B7C /* MXUpdatePersonInfoVC.m */; };
		D7B105012150F81900F44B7C /* MXUpdatePersonInfoVC.xib in Resources */ = {isa = PBXBuildFile; fileRef = D7B104FE2150F81900F44B7C /* MXUpdatePersonInfoVC.xib */; };
		D7B98356215C6B7A00174228 /* UIViewController+BackButtonHandler.m in Sources */ = {isa = PBXBuildFile; fileRef = D7B98355215C6B7900174228 /* UIViewController+BackButtonHandler.m */; };
		D7CD2C282159C81700E7BF5D /* Person.m in Sources */ = {isa = PBXBuildFile; fileRef = D7CD2C272159C81700E7BF5D /* Person.m */; };
		D7CD2C31215A0A5900E7BF5D /* NSDictionary+Category.m in Sources */ = {isa = PBXBuildFile; fileRef = D7CD2C30215A0A5900E7BF5D /* NSDictionary+Category.m */; };
		D7E73BB62151F7920051A465 /* MXTravelCell.m in Sources */ = {isa = PBXBuildFile; fileRef = D7E73BB52151F7920051A465 /* MXTravelCell.m */; };
		D7E73BBA21522A460051A465 /* MXTravelCollectionViewCell.m in Sources */ = {isa = PBXBuildFile; fileRef = D7E73BB821522A460051A465 /* MXTravelCollectionViewCell.m */; };
		D7E73BBB21522A460051A465 /* MXTravelCollectionViewCell.xib in Resources */ = {isa = PBXBuildFile; fileRef = D7E73BB921522A460051A465 /* MXTravelCollectionViewCell.xib */; };
		D7E73BBE21522D900051A465 /* MXTravelDetailViewController.m in Sources */ = {isa = PBXBuildFile; fileRef = D7E73BBD21522D900051A465 /* MXTravelDetailViewController.m */; };
		D7ED14FA214F411600BD7998 /* MXSubHomeVC.m in Sources */ = {isa = PBXBuildFile; fileRef = D7ED14F9214F411600BD7998 /* MXSubHomeVC.m */; };
		D7ED14FD214F4DAF00BD7998 /* MXDetailViewController.m in Sources */ = {isa = PBXBuildFile; fileRef = D7ED14FC214F4DAF00BD7998 /* MXDetailViewController.m */; };
		D7ED1500214F793700BD7998 /* NSString+Category.m in Sources */ = {isa = PBXBuildFile; fileRef = D7ED14FF214F793700BD7998 /* NSString+Category.m */; };
		D7ED1504214F923F00BD7998 /* MXPlaceViewCell.m in Sources */ = {isa = PBXBuildFile; fileRef = D7ED1502214F923F00BD7998 /* MXPlaceViewCell.m */; };
		D7ED1505214F923F00BD7998 /* MXPlaceViewCell.xib in Resources */ = {isa = PBXBuildFile; fileRef = D7ED1503214F923F00BD7998 /* MXPlaceViewCell.xib */; };
		D7ED1508214F9B9400BD7998 /* UIImage+Category.m in Sources */ = {isa = PBXBuildFile; fileRef = D7ED1506214F9B9400BD7998 /* UIImage+Category.m */; };
		D7ED150C214FAC6D00BD7998 /* MXAttractionCell.m in Sources */ = {isa = PBXBuildFile; fileRef = D7ED150A214FAC6D00BD7998 /* MXAttractionCell.m */; };
		D7ED150D214FAC6D00BD7998 /* MXAttractionCell.xib in Resources */ = {isa = PBXBuildFile; fileRef = D7ED150B214FAC6D00BD7998 /* MXAttractionCell.xib */; };
/* End PBXBuildFile section */

/* Begin PBXFileReference section */
		1590FC84BFEC9178B56D5981 /* Pods-MXTourism.release.xcconfig */ = {isa = PBXFileReference; includeInIndex = 1; lastKnownFileType = text.xcconfig; name = "Pods-MXTourism.release.xcconfig"; path = "Pods/Target Support Files/Pods-MXTourism/Pods-MXTourism.release.xcconfig"; sourceTree = "<group>"; };
		2216498F849F949F327C1695 /* libPods-MXTourism.a */ = {isa = PBXFileReference; explicitFileType = archive.ar; includeInIndex = 0; path = "libPods-MXTourism.a"; sourceTree = BUILT_PRODUCTS_DIR; };
		6FB0284D2147B45C00E1B90B /* MXTourism.app */ = {isa = PBXFileReference; explicitFileType = wrapper.application; includeInIndex = 0; path = MXTourism.app; sourceTree = BUILT_PRODUCTS_DIR; };
		6FB028572147B45C00E1B90B /* Base */ = {isa = PBXFileReference; lastKnownFileType = file.storyboard; name = Base; path = Base.lproj/Main.storyboard; sourceTree = "<group>"; };
		6FB028592147B45D00E1B90B /* Assets.xcassets */ = {isa = PBXFileReference; lastKnownFileType = folder.assetcatalog; path = Assets.xcassets; sourceTree = "<group>"; };
		6FB0285C2147B45D00E1B90B /* Base */ = {isa = PBXFileReference; lastKnownFileType = file.storyboard; name = Base; path = Base.lproj/LaunchScreen.storyboard; sourceTree = "<group>"; };
		6FB0285E2147B45D00E1B90B /* Info.plist */ = {isa = PBXFileReference; lastKnownFileType = text.plist.xml; path = Info.plist; sourceTree = "<group>"; };
		6FB0285F2147B45D00E1B90B /* main.m */ = {isa = PBXFileReference; lastKnownFileType = sourcecode.c.objc; path = main.m; sourceTree = "<group>"; };
		6FB028692147B49A00E1B90B /* AppDelegate.h */ = {isa = PBXFileReference; fileEncoding = 4; lastKnownFileType = sourcecode.c.h; path = AppDelegate.h; sourceTree = "<group>"; };
		6FB0286A2147B49A00E1B90B /* ViewController.m */ = {isa = PBXFileReference; fileEncoding = 4; lastKnownFileType = sourcecode.c.objc; path = ViewController.m; sourceTree = "<group>"; };
		6FB0286B2147B49A00E1B90B /* AppDelegate.m */ = {isa = PBXFileReference; fileEncoding = 4; lastKnownFileType = sourcecode.c.objc; path = AppDelegate.m; sourceTree = "<group>"; };
		6FB0286C2147B49A00E1B90B /* ViewController.h */ = {isa = PBXFileReference; fileEncoding = 4; lastKnownFileType = sourcecode.c.h; path = ViewController.h; sourceTree = "<group>"; };
		6FB028792147B80700E1B90B /* YYHttpRequest.h */ = {isa = PBXFileReference; fileEncoding = 4; lastKnownFileType = sourcecode.c.h; path = YYHttpRequest.h; sourceTree = "<group>"; };
		6FB0287A2147B80700E1B90B /* YYHttpRequest.m */ = {isa = PBXFileReference; fileEncoding = 4; lastKnownFileType = sourcecode.c.objc; path = YYHttpRequest.m; sourceTree = "<group>"; };
		6FB0287C2147B88100E1B90B /* NSDictionary+Log.h */ = {isa = PBXFileReference; fileEncoding = 4; lastKnownFileType = sourcecode.c.h; path = "NSDictionary+Log.h"; sourceTree = "<group>"; };
		6FB0287D2147B88100E1B90B /* UITableView+PlaceHolder.m */ = {isa = PBXFileReference; fileEncoding = 4; lastKnownFileType = sourcecode.c.objc; path = "UITableView+PlaceHolder.m"; sourceTree = "<group>"; };
		6FB0287E2147B88100E1B90B /* NSDictionary+Log.m */ = {isa = PBXFileReference; fileEncoding = 4; lastKnownFileType = sourcecode.c.objc; path = "NSDictionary+Log.m"; sourceTree = "<group>"; };
		6FB0287F2147B88100E1B90B /* UITableView+PlaceHolder.h */ = {isa = PBXFileReference; fileEncoding = 4; lastKnownFileType = sourcecode.c.h; path = "UITableView+PlaceHolder.h"; sourceTree = "<group>"; };
		6FB028822147B89000E1B90B /* Macro.h */ = {isa = PBXFileReference; fileEncoding = 4; lastKnownFileType = sourcecode.c.h; path = Macro.h; sourceTree = "<group>"; };
		6FB028832147B89F00E1B90B /* TimeTools.m */ = {isa = PBXFileReference; fileEncoding = 4; lastKnownFileType = sourcecode.c.objc; path = TimeTools.m; sourceTree = "<group>"; };
		6FB028842147B89F00E1B90B /* TimeTools.h */ = {isa = PBXFileReference; fileEncoding = 4; lastKnownFileType = sourcecode.c.h; path = TimeTools.h; sourceTree = "<group>"; };
		6FB028862147B8F100E1B90B /* PrefixHeader.pch */ = {isa = PBXFileReference; lastKnownFileType = sourcecode.c.h; path = PrefixHeader.pch; sourceTree = "<group>"; };
		D7030BC52147C0F40035687E /* MainViewController.h */ = {isa = PBXFileReference; lastKnownFileType = sourcecode.c.h; path = MainViewController.h; sourceTree = "<group>"; };
		D7030BC62147C0F40035687E /* MainViewController.m */ = {isa = PBXFileReference; lastKnownFileType = sourcecode.c.objc; path = MainViewController.m; sourceTree = "<group>"; };
		D713D7DC2148A48D00C4CC4D /* MXLoginAlertView.h */ = {isa = PBXFileReference; lastKnownFileType = sourcecode.c.h; path = MXLoginAlertView.h; sourceTree = "<group>"; };
		D713D7DD2148A48D00C4CC4D /* MXLoginAlertView.m */ = {isa = PBXFileReference; lastKnownFileType = sourcecode.c.objc; path = MXLoginAlertView.m; sourceTree = "<group>"; };
		D713D7DF2148ADBC00C4CC4D /* UIImageView+CornerRadius.m */ = {isa = PBXFileReference; fileEncoding = 4; lastKnownFileType = sourcecode.c.objc; path = "UIImageView+CornerRadius.m"; sourceTree = "<group>"; };
		D713D7E02148ADBC00C4CC4D /* UIImageView+CornerRadius.h */ = {isa = PBXFileReference; fileEncoding = 4; lastKnownFileType = sourcecode.c.h; path = "UIImageView+CornerRadius.h"; sourceTree = "<group>"; };
		D713D7E12148ADBD00C4CC4D /* UIView+CornerRadius.h */ = {isa = PBXFileReference; fileEncoding = 4; lastKnownFileType = sourcecode.c.h; path = "UIView+CornerRadius.h"; sourceTree = "<group>"; };
		D713D7E22148ADBD00C4CC4D /* UIView+CornerRadius.m */ = {isa = PBXFileReference; fileEncoding = 4; lastKnownFileType = sourcecode.c.objc; path = "UIView+CornerRadius.m"; sourceTree = "<group>"; };
		D713D7EB2148ECFF00C4CC4D /* RootViewController.h */ = {isa = PBXFileReference; lastKnownFileType = sourcecode.c.h; path = RootViewController.h; sourceTree = "<group>"; };
		D713D7EC2148ECFF00C4CC4D /* RootViewController.m */ = {isa = PBXFileReference; lastKnownFileType = sourcecode.c.objc; path = RootViewController.m; sourceTree = "<group>"; };
		D713D7F12149082300C4CC4D /* MXTabBarController.m */ = {isa = PBXFileReference; fileEncoding = 4; lastKnownFileType = sourcecode.c.objc; path = MXTabBarController.m; sourceTree = "<group>"; };
		D713D7F22149082300C4CC4D /* MXTabBarController.h */ = {isa = PBXFileReference; fileEncoding = 4; lastKnownFileType = sourcecode.c.h; path = MXTabBarController.h; sourceTree = "<group>"; };
		D713D7F4214908B300C4CC4D /* MXHomeViewController.h */ = {isa = PBXFileReference; lastKnownFileType = sourcecode.c.h; path = MXHomeViewController.h; sourceTree = "<group>"; };
		D713D7F5214908B300C4CC4D /* MXHomeViewController.m */ = {isa = PBXFileReference; lastKnownFileType = sourcecode.c.objc; path = MXHomeViewController.m; sourceTree = "<group>"; };
		D713D7F7214908C200C4CC4D /* MXLocationViewController.h */ = {isa = PBXFileReference; lastKnownFileType = sourcecode.c.h; path = MXLocationViewController.h; sourceTree = "<group>"; };
		D713D7F8214908C200C4CC4D /* MXLocationViewController.m */ = {isa = PBXFileReference; lastKnownFileType = sourcecode.c.objc; path = MXLocationViewController.m; sourceTree = "<group>"; };
		D713D7FA214908D700C4CC4D /* MXMineViewController.h */ = {isa = PBXFileReference; lastKnownFileType = sourcecode.c.h; path = MXMineViewController.h; sourceTree = "<group>"; };
		D713D7FB214908D700C4CC4D /* MXMineViewController.m */ = {isa = PBXFileReference; lastKnownFileType = sourcecode.c.objc; path = MXMineViewController.m; sourceTree = "<group>"; };
		D713D7FD214908E900C4CC4D /* MXRecommendViewController.h */ = {isa = PBXFileReference; lastKnownFileType = sourcecode.c.h; path = MXRecommendViewController.h; sourceTree = "<group>"; };
		D713D7FE214908E900C4CC4D /* MXRecommendViewController.m */ = {isa = PBXFileReference; lastKnownFileType = sourcecode.c.objc; path = MXRecommendViewController.m; sourceTree = "<group>"; };
		D713D8002149125F00C4CC4D /* BaseViewController.h */ = {isa = PBXFileReference; lastKnownFileType = sourcecode.c.h; path = BaseViewController.h; sourceTree = "<group>"; };
		D713D8012149125F00C4CC4D /* BaseViewController.m */ = {isa = PBXFileReference; lastKnownFileType = sourcecode.c.objc; path = BaseViewController.m; sourceTree = "<group>"; };
		D72AE70E2153881200516198 /* AlertControllerMaker.m */ = {isa = PBXFileReference; fileEncoding = 4; lastKnownFileType = sourcecode.c.objc; path = AlertControllerMaker.m; sourceTree = "<group>"; };
		D72AE70F2153881200516198 /* AlertControllerMaker.h */ = {isa = PBXFileReference; fileEncoding = 4; lastKnownFileType = sourcecode.c.h; path = AlertControllerMaker.h; sourceTree = "<group>"; };
		D73EE802214B552600C48C8B /* WLScrollView.m */ = {isa = PBXFileReference; fileEncoding = 4; lastKnownFileType = sourcecode.c.objc; path = WLScrollView.m; sourceTree = "<group>"; };
		D73EE803214B552600C48C8B /* WLSubView.m */ = {isa = PBXFileReference; fileEncoding = 4; lastKnownFileType = sourcecode.c.objc; path = WLSubView.m; sourceTree = "<group>"; };
		D73EE804214B552600C48C8B /* WLScrollView.h */ = {isa = PBXFileReference; fileEncoding = 4; lastKnownFileType = sourcecode.c.h; path = WLScrollView.h; sourceTree = "<group>"; };
		D73EE805214B552600C48C8B /* WLSubView.h */ = {isa = PBXFileReference; fileEncoding = 4; lastKnownFileType = sourcecode.c.h; path = WLSubView.h; sourceTree = "<group>"; };
		D73EE80B214B57FB00C48C8B /* MXBannerCell.h */ = {isa = PBXFileReference; lastKnownFileType = sourcecode.c.h; path = MXBannerCell.h; sourceTree = "<group>"; };
		D73EE80C214B57FB00C48C8B /* MXBannerCell.m */ = {isa = PBXFileReference; lastKnownFileType = sourcecode.c.objc; path = MXBannerCell.m; sourceTree = "<group>"; };
		D74D275A215485AC00B1310F /* MXAboutViewController.h */ = {isa = PBXFileReference; lastKnownFileType = sourcecode.c.h; path = MXAboutViewController.h; sourceTree = "<group>"; };
		D74D275B215485AC00B1310F /* MXAboutViewController.m */ = {isa = PBXFileReference; lastKnownFileType = sourcecode.c.objc; path = MXAboutViewController.m; sourceTree = "<group>"; };
		D74D275C215485AC00B1310F /* MXAboutViewController.xib */ = {isa = PBXFileReference; lastKnownFileType = file.xib; path = MXAboutViewController.xib; sourceTree = "<group>"; };
		D74D275F21549B9E00B1310F /* MXNavigationController.h */ = {isa = PBXFileReference; lastKnownFileType = sourcecode.c.h; path = MXNavigationController.h; sourceTree = "<group>"; };
		D74D276021549B9E00B1310F /* MXNavigationController.m */ = {isa = PBXFileReference; lastKnownFileType = sourcecode.c.objc; path = MXNavigationController.m; sourceTree = "<group>"; };
		D78574B7215DD5C200ADD001 /* MXTourism.entitlements */ = {isa = PBXFileReference; lastKnownFileType = text.plist.entitlements; path = MXTourism.entitlements; sourceTree = "<group>"; };
		D7B104E52150A01900F44B7C /* MXResultsViewController.h */ = {isa = PBXFileReference; lastKnownFileType = sourcecode.c.h; path = MXResultsViewController.h; sourceTree = "<group>"; };
		D7B104E62150A01900F44B7C /* MXResultsViewController.m */ = {isa = PBXFileReference; lastKnownFileType = sourcecode.c.objc; path = MXResultsViewController.m; sourceTree = "<group>"; };
		D7B104E82150A11400F44B7C /* YYSQLiteManager.h */ = {isa = PBXFileReference; fileEncoding = 4; lastKnownFileType = sourcecode.c.h; path = YYSQLiteManager.h; sourceTree = "<group>"; };
		D7B104E92150A11400F44B7C /* YYSQLiteManager.m */ = {isa = PBXFileReference; fileEncoding = 4; lastKnownFileType = sourcecode.c.objc; path = YYSQLiteManager.m; sourceTree = "<group>"; };
		D7B104EB2150A46200F44B7C /* MXFeaturedSpotsCell.h */ = {isa = PBXFileReference; lastKnownFileType = sourcecode.c.h; path = MXFeaturedSpotsCell.h; sourceTree = "<group>"; };
		D7B104EC2150A46200F44B7C /* MXFeaturedSpotsCell.m */ = {isa = PBXFileReference; lastKnownFileType = sourcecode.c.objc; path = MXFeaturedSpotsCell.m; sourceTree = "<group>"; };
		D7B104ED2150A46200F44B7C /* MXFeaturedSpotsCell.xib */ = {isa = PBXFileReference; lastKnownFileType = file.xib; path = MXFeaturedSpotsCell.xib; sourceTree = "<group>"; };
		D7B104FD2150F81900F44B7C /* MXUpdatePersonInfoVC.m */ = {isa = PBXFileReference; fileEncoding = 4; lastKnownFileType = sourcecode.c.objc; path = MXUpdatePersonInfoVC.m; sourceTree = "<group>"; };
		D7B104FE2150F81900F44B7C /* MXUpdatePersonInfoVC.xib */ = {isa = PBXFileReference; fileEncoding = 4; lastKnownFileType = file.xib; path = MXUpdatePersonInfoVC.xib; sourceTree = "<group>"; };
		D7B104FF2150F81900F44B7C /* MXUpdatePersonInfoVC.h */ = {isa = PBXFileReference; fileEncoding = 4; lastKnownFileType = sourcecode.c.h; path = MXUpdatePersonInfoVC.h; sourceTree = "<group>"; };
		D7B98354215C6B7900174228 /* UIViewController+BackButtonHandler.h */ = {isa = PBXFileReference; fileEncoding = 4; lastKnownFileType = sourcecode.c.h; path = "UIViewController+BackButtonHandler.h"; sourceTree = "<group>"; };
		D7B98355215C6B7900174228 /* UIViewController+BackButtonHandler.m */ = {isa = PBXFileReference; fileEncoding = 4; lastKnownFileType = sourcecode.c.objc; path = "UIViewController+BackButtonHandler.m"; sourceTree = "<group>"; };
		D7CD2C262159C81700E7BF5D /* Person.h */ = {isa = PBXFileReference; lastKnownFileType = sourcecode.c.h; path = Person.h; sourceTree = "<group>"; };
		D7CD2C272159C81700E7BF5D /* Person.m */ = {isa = PBXFileReference; lastKnownFileType = sourcecode.c.objc; path = Person.m; sourceTree = "<group>"; };
		D7CD2C2F215A0A5900E7BF5D /* NSDictionary+Category.h */ = {isa = PBXFileReference; lastKnownFileType = sourcecode.c.h; path = "NSDictionary+Category.h"; sourceTree = "<group>"; };
		D7CD2C30215A0A5900E7BF5D /* NSDictionary+Category.m */ = {isa = PBXFileReference; lastKnownFileType = sourcecode.c.objc; path = "NSDictionary+Category.m"; sourceTree = "<group>"; };
		D7E73BB42151F7920051A465 /* MXTravelCell.h */ = {isa = PBXFileReference; lastKnownFileType = sourcecode.c.h; path = MXTravelCell.h; sourceTree = "<group>"; };
		D7E73BB52151F7920051A465 /* MXTravelCell.m */ = {isa = PBXFileReference; lastKnownFileType = sourcecode.c.objc; path = MXTravelCell.m; sourceTree = "<group>"; };
		D7E73BB721522A460051A465 /* MXTravelCollectionViewCell.h */ = {isa = PBXFileReference; lastKnownFileType = sourcecode.c.h; path = MXTravelCollectionViewCell.h; sourceTree = "<group>"; };
		D7E73BB821522A460051A465 /* MXTravelCollectionViewCell.m */ = {isa = PBXFileReference; lastKnownFileType = sourcecode.c.objc; path = MXTravelCollectionViewCell.m; sourceTree = "<group>"; };
		D7E73BB921522A460051A465 /* MXTravelCollectionViewCell.xib */ = {isa = PBXFileReference; lastKnownFileType = file.xib; path = MXTravelCollectionViewCell.xib; sourceTree = "<group>"; };
		D7E73BBC21522D900051A465 /* MXTravelDetailViewController.h */ = {isa = PBXFileReference; lastKnownFileType = sourcecode.c.h; path = MXTravelDetailViewController.h; sourceTree = "<group>"; };
		D7E73BBD21522D900051A465 /* MXTravelDetailViewController.m */ = {isa = PBXFileReference; lastKnownFileType = sourcecode.c.objc; path = MXTravelDetailViewController.m; sourceTree = "<group>"; };
		D7ED14F8214F411600BD7998 /* MXSubHomeVC.h */ = {isa = PBXFileReference; lastKnownFileType = sourcecode.c.h; path = MXSubHomeVC.h; sourceTree = "<group>"; };
		D7ED14F9214F411600BD7998 /* MXSubHomeVC.m */ = {isa = PBXFileReference; lastKnownFileType = sourcecode.c.objc; path = MXSubHomeVC.m; sourceTree = "<group>"; };
		D7ED14FB214F4DAF00BD7998 /* MXDetailViewController.h */ = {isa = PBXFileReference; lastKnownFileType = sourcecode.c.h; path = MXDetailViewController.h; sourceTree = "<group>"; };
		D7ED14FC214F4DAF00BD7998 /* MXDetailViewController.m */ = {isa = PBXFileReference; lastKnownFileType = sourcecode.c.objc; path = MXDetailViewController.m; sourceTree = "<group>"; };
		D7ED14FE214F793700BD7998 /* NSString+Category.h */ = {isa = PBXFileReference; lastKnownFileType = sourcecode.c.h; path = "NSString+Category.h"; sourceTree = "<group>"; };
		D7ED14FF214F793700BD7998 /* NSString+Category.m */ = {isa = PBXFileReference; lastKnownFileType = sourcecode.c.objc; path = "NSString+Category.m"; sourceTree = "<group>"; };
		D7ED1501214F923F00BD7998 /* MXPlaceViewCell.h */ = {isa = PBXFileReference; lastKnownFileType = sourcecode.c.h; path = MXPlaceViewCell.h; sourceTree = "<group>"; };
		D7ED1502214F923F00BD7998 /* MXPlaceViewCell.m */ = {isa = PBXFileReference; lastKnownFileType = sourcecode.c.objc; path = MXPlaceViewCell.m; sourceTree = "<group>"; };
		D7ED1503214F923F00BD7998 /* MXPlaceViewCell.xib */ = {isa = PBXFileReference; lastKnownFileType = file.xib; path = MXPlaceViewCell.xib; sourceTree = "<group>"; };
		D7ED1506214F9B9400BD7998 /* UIImage+Category.m */ = {isa = PBXFileReference; fileEncoding = 4; lastKnownFileType = sourcecode.c.objc; path = "UIImage+Category.m"; sourceTree = "<group>"; };
		D7ED1507214F9B9400BD7998 /* UIImage+Category.h */ = {isa = PBXFileReference; fileEncoding = 4; lastKnownFileType = sourcecode.c.h; path = "UIImage+Category.h"; sourceTree = "<group>"; };
		D7ED1509214FAC6D00BD7998 /* MXAttractionCell.h */ = {isa = PBXFileReference; lastKnownFileType = sourcecode.c.h; path = MXAttractionCell.h; sourceTree = "<group>"; };
		D7ED150A214FAC6D00BD7998 /* MXAttractionCell.m */ = {isa = PBXFileReference; lastKnownFileType = sourcecode.c.objc; path = MXAttractionCell.m; sourceTree = "<group>"; };
		D7ED150B214FAC6D00BD7998 /* MXAttractionCell.xib */ = {isa = PBXFileReference; lastKnownFileType = file.xib; path = MXAttractionCell.xib; sourceTree = "<group>"; };
		D8627C4213AD7B18A95339B8 /* Pods-MXTourism.debug.xcconfig */ = {isa = PBXFileReference; includeInIndex = 1; lastKnownFileType = text.xcconfig; name = "Pods-MXTourism.debug.xcconfig"; path = "Pods/Target Support Files/Pods-MXTourism/Pods-MXTourism.debug.xcconfig"; sourceTree = "<group>"; };
/* End PBXFileReference section */

/* Begin PBXFrameworksBuildPhase section */
		6FB0284A2147B45C00E1B90B /* Frameworks */ = {
			isa = PBXFrameworksBuildPhase;
			buildActionMask = 2147483647;
			files = (
				BA6DC3B17E487FE89E30F81F /* libPods-MXTourism.a in Frameworks */,
			);
			runOnlyForDeploymentPostprocessing = 0;
		};
/* End PBXFrameworksBuildPhase section */

/* Begin PBXGroup section */
		24EAB48E061D6AEDBB019C16 /* Pods */ = {
			isa = PBXGroup;
			children = (
				D8627C4213AD7B18A95339B8 /* Pods-MXTourism.debug.xcconfig */,
				1590FC84BFEC9178B56D5981 /* Pods-MXTourism.release.xcconfig */,
			);
			name = Pods;
			sourceTree = "<group>";
		};
		4B86A27540C82A09500AD79D /* Frameworks */ = {
			isa = PBXGroup;
			children = (
				2216498F849F949F327C1695 /* libPods-MXTourism.a */,
			);
			name = Frameworks;
			sourceTree = "<group>";
		};
		6FB028442147B45C00E1B90B = {
			isa = PBXGroup;
			children = (
				6FB0284F2147B45C00E1B90B /* MXTourism */,
				6FB0284E2147B45C00E1B90B /* Products */,
				24EAB48E061D6AEDBB019C16 /* Pods */,
				4B86A27540C82A09500AD79D /* Frameworks */,
			);
			sourceTree = "<group>";
		};
		6FB0284E2147B45C00E1B90B /* Products */ = {
			isa = PBXGroup;
			children = (
				6FB0284D2147B45C00E1B90B /* MXTourism.app */,
			);
			name = Products;
			sourceTree = "<group>";
		};
		6FB0284F2147B45C00E1B90B /* MXTourism */ = {
			isa = PBXGroup;
			children = (
				D78574B7215DD5C200ADD001 /* MXTourism.entitlements */,
				6FB028752147B49C00E1B90B /* BaseClass */,
				6FB028672147B49900E1B90B /* Category */,
				6FB0286D2147B49A00E1B90B /* Home */,
				6FB028662147B49900E1B90B /* Lib */,
				6FB028732147B49B00E1B90B /* Location */,
				6FB028762147B49C00E1B90B /* Macros */,
				6FB028682147B49A00E1B90B /* Main */,
				6FB0286F2147B49A00E1B90B /* Mine */,
				6FB028712147B49B00E1B90B /* NetworkRequestAPI */,
				6FB028702147B49A00E1B90B /* Others */,
				6FB0286E2147B49A00E1B90B /* Recommend */,
				6FB028742147B49B00E1B90B /* Resources */,
				6FB028722147B49B00E1B90B /* Tools */,
				6FB028562147B45C00E1B90B /* Main.storyboard */,
				6FB028592147B45D00E1B90B /* Assets.xcassets */,
				6FB0285B2147B45D00E1B90B /* LaunchScreen.storyboard */,
				6FB0285E2147B45D00E1B90B /* Info.plist */,
				6FB0285F2147B45D00E1B90B /* main.m */,
			);
			path = MXTourism;
			sourceTree = "<group>";
		};
		6FB028662147B49900E1B90B /* Lib */ = {
			isa = PBXGroup;
			children = (
				D73EE801214B552600C48C8B /* WLScrollView */,
			);
			path = Lib;
			sourceTree = "<group>";
		};
		6FB028672147B49900E1B90B /* Category */ = {
			isa = PBXGroup;
			children = (
				D7ED1507214F9B9400BD7998 /* UIImage+Category.h */,
				D7ED1506214F9B9400BD7998 /* UIImage+Category.m */,
				6FB0287C2147B88100E1B90B /* NSDictionary+Log.h */,
				6FB0287E2147B88100E1B90B /* NSDictionary+Log.m */,
				6FB0287F2147B88100E1B90B /* UITableView+PlaceHolder.h */,
				6FB0287D2147B88100E1B90B /* UITableView+PlaceHolder.m */,
				D713D7E02148ADBC00C4CC4D /* UIImageView+CornerRadius.h */,
				D713D7DF2148ADBC00C4CC4D /* UIImageView+CornerRadius.m */,
				D713D7E12148ADBD00C4CC4D /* UIView+CornerRadius.h */,
				D713D7E22148ADBD00C4CC4D /* UIView+CornerRadius.m */,
				D7ED14FE214F793700BD7998 /* NSString+Category.h */,
				D7ED14FF214F793700BD7998 /* NSString+Category.m */,
				D7CD2C2F215A0A5900E7BF5D /* NSDictionary+Category.h */,
				D7CD2C30215A0A5900E7BF5D /* NSDictionary+Category.m */,
				D7B98354215C6B7900174228 /* UIViewController+BackButtonHandler.h */,
				D7B98355215C6B7900174228 /* UIViewController+BackButtonHandler.m */,
			);
			path = Category;
			sourceTree = "<group>";
		};
		6FB028682147B49A00E1B90B /* Main */ = {
			isa = PBXGroup;
			children = (
				6FB028692147B49A00E1B90B /* AppDelegate.h */,
				6FB0286B2147B49A00E1B90B /* AppDelegate.m */,
				6FB0286C2147B49A00E1B90B /* ViewController.h */,
				6FB0286A2147B49A00E1B90B /* ViewController.m */,
				D7030BC52147C0F40035687E /* MainViewController.h */,
				D7030BC62147C0F40035687E /* MainViewController.m */,
				D713D7EB2148ECFF00C4CC4D /* RootViewController.h */,
				D713D7EC2148ECFF00C4CC4D /* RootViewController.m */,
				D713D7F22149082300C4CC4D /* MXTabBarController.h */,
				D713D7F12149082300C4CC4D /* MXTabBarController.m */,
				D74D275F21549B9E00B1310F /* MXNavigationController.h */,
				D74D276021549B9E00B1310F /* MXNavigationController.m */,
			);
			path = Main;
			sourceTree = "<group>";
		};
		6FB0286D2147B49A00E1B90B /* Home */ = {
			isa = PBXGroup;
			children = (
				D713D7F4214908B300C4CC4D /* MXHomeViewController.h */,
				D713D7F5214908B300C4CC4D /* MXHomeViewController.m */,
				D7ED14F8214F411600BD7998 /* MXSubHomeVC.h */,
				D7ED14F9214F411600BD7998 /* MXSubHomeVC.m */,
				D7ED14FB214F4DAF00BD7998 /* MXDetailViewController.h */,
				D7ED14FC214F4DAF00BD7998 /* MXDetailViewController.m */,
				D7ED1501214F923F00BD7998 /* MXPlaceViewCell.h */,
				D7ED1502214F923F00BD7998 /* MXPlaceViewCell.m */,
				D7ED1503214F923F00BD7998 /* MXPlaceViewCell.xib */,
			);
			path = Home;
			sourceTree = "<group>";
		};
		6FB0286E2147B49A00E1B90B /* Recommend */ = {
			isa = PBXGroup;
			children = (
				D713D7FD214908E900C4CC4D /* MXRecommendViewController.h */,
				D713D7FE214908E900C4CC4D /* MXRecommendViewController.m */,
				D7E73BBC21522D900051A465 /* MXTravelDetailViewController.h */,
				D7E73BBD21522D900051A465 /* MXTravelDetailViewController.m */,
				D7E73BB42151F7920051A465 /* MXTravelCell.h */,
				D7E73BB52151F7920051A465 /* MXTravelCell.m */,
				D7E73BB721522A460051A465 /* MXTravelCollectionViewCell.h */,
				D7E73BB821522A460051A465 /* MXTravelCollectionViewCell.m */,
				D7E73BB921522A460051A465 /* MXTravelCollectionViewCell.xib */,
			);
			path = Recommend;
			sourceTree = "<group>";
		};
		6FB0286F2147B49A00E1B90B /* Mine */ = {
			isa = PBXGroup;
			children = (
				D713D7FA214908D700C4CC4D /* MXMineViewController.h */,
				D713D7FB214908D700C4CC4D /* MXMineViewController.m */,
				D74D275A215485AC00B1310F /* MXAboutViewController.h */,
				D74D275B215485AC00B1310F /* MXAboutViewController.m */,
				D74D275C215485AC00B1310F /* MXAboutViewController.xib */,
				D7B104FF2150F81900F44B7C /* MXUpdatePersonInfoVC.h */,
				D7B104FD2150F81900F44B7C /* MXUpdatePersonInfoVC.m */,
				D7B104FE2150F81900F44B7C /* MXUpdatePersonInfoVC.xib */,
			);
			path = Mine;
			sourceTree = "<group>";
		};
		6FB028702147B49A00E1B90B /* Others */ = {
			isa = PBXGroup;
			children = (
			);
			path = Others;
			sourceTree = "<group>";
		};
		6FB028712147B49B00E1B90B /* NetworkRequestAPI */ = {
			isa = PBXGroup;
			children = (
				6FB028792147B80700E1B90B /* YYHttpRequest.h */,
				6FB0287A2147B80700E1B90B /* YYHttpRequest.m */,
			);
			path = NetworkRequestAPI;
			sourceTree = "<group>";
		};
		6FB028722147B49B00E1B90B /* Tools */ = {
			isa = PBXGroup;
			children = (
				D7B104E82150A11400F44B7C /* YYSQLiteManager.h */,
				D7B104E92150A11400F44B7C /* YYSQLiteManager.m */,
				6FB028842147B89F00E1B90B /* TimeTools.h */,
				6FB028832147B89F00E1B90B /* TimeTools.m */,
				6FB028862147B8F100E1B90B /* PrefixHeader.pch */,
				D713D7DC2148A48D00C4CC4D /* MXLoginAlertView.h */,
				D713D7DD2148A48D00C4CC4D /* MXLoginAlertView.m */,
				D72AE70F2153881200516198 /* AlertControllerMaker.h */,
				D72AE70E2153881200516198 /* AlertControllerMaker.m */,
				D7CD2C262159C81700E7BF5D /* Person.h */,
				D7CD2C272159C81700E7BF5D /* Person.m */,
			);
			path = Tools;
			sourceTree = "<group>";
		};
		6FB028732147B49B00E1B90B /* Location */ = {
			isa = PBXGroup;
			children = (
				D713D7F7214908C200C4CC4D /* MXLocationViewController.h */,
				D713D7F8214908C200C4CC4D /* MXLocationViewController.m */,
				D7B104E52150A01900F44B7C /* MXResultsViewController.h */,
				D7B104E62150A01900F44B7C /* MXResultsViewController.m */,
				D7B104EB2150A46200F44B7C /* MXFeaturedSpotsCell.h */,
				D7B104EC2150A46200F44B7C /* MXFeaturedSpotsCell.m */,
				D7B104ED2150A46200F44B7C /* MXFeaturedSpotsCell.xib */,
				D7ED1509214FAC6D00BD7998 /* MXAttractionCell.h */,
				D7ED150A214FAC6D00BD7998 /* MXAttractionCell.m */,
				D7ED150B214FAC6D00BD7998 /* MXAttractionCell.xib */,
			);
			path = Location;
			sourceTree = "<group>";
		};
		6FB028742147B49B00E1B90B /* Resources */ = {
			isa = PBXGroup;
			children = (
			);
			path = Resources;
			sourceTree = "<group>";
		};
		6FB028752147B49C00E1B90B /* BaseClass */ = {
			isa = PBXGroup;
			children = (
				D713D8002149125F00C4CC4D /* BaseViewController.h */,
				D713D8012149125F00C4CC4D /* BaseViewController.m */,
			);
			path = BaseClass;
			sourceTree = "<group>";
		};
		6FB028762147B49C00E1B90B /* Macros */ = {
			isa = PBXGroup;
			children = (
				6FB028822147B89000E1B90B /* Macro.h */,
			);
			path = Macros;
			sourceTree = "<group>";
		};
		D73EE801214B552600C48C8B /* WLScrollView */ = {
			isa = PBXGroup;
			children = (
				D73EE804214B552600C48C8B /* WLScrollView.h */,
				D73EE802214B552600C48C8B /* WLScrollView.m */,
				D73EE805214B552600C48C8B /* WLSubView.h */,
				D73EE803214B552600C48C8B /* WLSubView.m */,
				D73EE80B214B57FB00C48C8B /* MXBannerCell.h */,
				D73EE80C214B57FB00C48C8B /* MXBannerCell.m */,
			);
			path = WLScrollView;
			sourceTree = "<group>";
		};
/* End PBXGroup section */

/* Begin PBXNativeTarget section */
		6FB0284C2147B45C00E1B90B /* MXTourism */ = {
			isa = PBXNativeTarget;
			buildConfigurationList = 6FB028632147B45D00E1B90B /* Build configuration list for PBXNativeTarget "MXTourism" */;
			buildPhases = (
				4052895FDEF010A09B16C1DC /* [CP] Check Pods Manifest.lock */,
				6FB028492147B45C00E1B90B /* Sources */,
				6FB0284A2147B45C00E1B90B /* Frameworks */,
				6FB0284B2147B45C00E1B90B /* Resources */,
				9DF790A0249263170338C054 /* [CP] Embed Pods Frameworks */,
				3CB9BB9111BC9AAD77E11AFE /* [CP] Copy Pods Resources */,
			);
			buildRules = (
			);
			dependencies = (
			);
			name = MXTourism;
			productName = MXTourism;
			productReference = 6FB0284D2147B45C00E1B90B /* MXTourism.app */;
			productType = "com.apple.product-type.application";
		};
/* End PBXNativeTarget section */

/* Begin PBXProject section */
		6FB028452147B45C00E1B90B /* Project object */ = {
			isa = PBXProject;
			attributes = {
				LastUpgradeCheck = 0940;
				ORGANIZATIONNAME = YY;
				TargetAttributes = {
					6FB0284C2147B45C00E1B90B = {
						CreatedOnToolsVersion = 9.4.1;
						SystemCapabilities = {
							com.apple.Push = {
								enabled = 1;
							};
						};
					};
				};
			};
			buildConfigurationList = 6FB028482147B45C00E1B90B /* Build configuration list for PBXProject "MXTourism" */;
			compatibilityVersion = "Xcode 9.3";
			developmentRegion = en;
			hasScannedForEncodings = 0;
			knownRegions = (
				en,
				Base,
			);
			mainGroup = 6FB028442147B45C00E1B90B;
			productRefGroup = 6FB0284E2147B45C00E1B90B /* Products */;
			projectDirPath = "";
			projectRoot = "";
			targets = (
				6FB0284C2147B45C00E1B90B /* MXTourism */,
			);
		};
/* End PBXProject section */

/* Begin PBXResourcesBuildPhase section */
		6FB0284B2147B45C00E1B90B /* Resources */ = {
			isa = PBXResourcesBuildPhase;
			buildActionMask = 2147483647;
			files = (
				D7B104EF2150A46200F44B7C /* MXFeaturedSpotsCell.xib in Resources */,
				D7E73BBB21522A460051A465 /* MXTravelCollectionViewCell.xib in Resources */,
				6FB0285D2147B45D00E1B90B /* LaunchScreen.storyboard in Resources */,
				D7ED1505214F923F00BD7998 /* MXPlaceViewCell.xib in Resources */,
				D74D275E215485AC00B1310F /* MXAboutViewController.xib in Resources */,
				D7ED150D214FAC6D00BD7998 /* MXAttractionCell.xib in Resources */,
				6FB0285A2147B45D00E1B90B /* Assets.xcassets in Resources */,
				D7B105012150F81900F44B7C /* MXUpdatePersonInfoVC.xib in Resources */,
				6FB028582147B45C00E1B90B /* Main.storyboard in Resources */,
			);
			runOnlyForDeploymentPostprocessing = 0;
		};
/* End PBXResourcesBuildPhase section */

/* Begin PBXShellScriptBuildPhase section */
		3CB9BB9111BC9AAD77E11AFE /* [CP] Copy Pods Resources */ = {
			isa = PBXShellScriptBuildPhase;
			buildActionMask = 2147483647;
			files = (
			);
			inputPaths = (
				"${SRCROOT}/Pods/Target Support Files/Pods-MXTourism/Pods-MXTourism-resources.sh",
				"${PODS_ROOT}/IQKeyboardManager/IQKeyboardManager/Resources/IQKeyboardManager.bundle",
				"${PODS_ROOT}/MJRefresh/MJRefresh/MJRefresh.bundle",
				"${PODS_ROOT}/SVProgressHUD/SVProgressHUD/SVProgressHUD.bundle",
				"${PODS_ROOT}/YBImageBrowser/YBImageBrowser/YBImageBrowser.bundle",
			);
			name = "[CP] Copy Pods Resources";
			outputPaths = (
				"${TARGET_BUILD_DIR}/${UNLOCALIZED_RESOURCES_FOLDER_PATH}/IQKeyboardManager.bundle",
				"${TARGET_BUILD_DIR}/${UNLOCALIZED_RESOURCES_FOLDER_PATH}/MJRefresh.bundle",
				"${TARGET_BUILD_DIR}/${UNLOCALIZED_RESOURCES_FOLDER_PATH}/SVProgressHUD.bundle",
				"${TARGET_BUILD_DIR}/${UNLOCALIZED_RESOURCES_FOLDER_PATH}/YBImageBrowser.bundle",
			);
			runOnlyForDeploymentPostprocessing = 0;
			shellPath = /bin/sh;
			shellScript = "\"${SRCROOT}/Pods/Target Support Files/Pods-MXTourism/Pods-MXTourism-resources.sh\"\n";
			showEnvVarsInLog = 0;
		};
		4052895FDEF010A09B16C1DC /* [CP] Check Pods Manifest.lock */ = {
			isa = PBXShellScriptBuildPhase;
			buildActionMask = 2147483647;
			files = (
			);
			inputPaths = (
				"${PODS_PODFILE_DIR_PATH}/Podfile.lock",
				"${PODS_ROOT}/Manifest.lock",
			);
			name = "[CP] Check Pods Manifest.lock";
			outputPaths = (
				"$(DERIVED_FILE_DIR)/Pods-MXTourism-checkManifestLockResult.txt",
			);
			runOnlyForDeploymentPostprocessing = 0;
			shellPath = /bin/sh;
			shellScript = "diff \"${PODS_PODFILE_DIR_PATH}/Podfile.lock\" \"${PODS_ROOT}/Manifest.lock\" > /dev/null\nif [ $? != 0 ] ; then\n    # print error to STDERR\n    echo \"error: The sandbox is not in sync with the Podfile.lock. Run 'pod install' or update your CocoaPods installation.\" >&2\n    exit 1\nfi\n# This output is used by Xcode 'outputs' to avoid re-running this script phase.\necho \"SUCCESS\" > \"${SCRIPT_OUTPUT_FILE_0}\"\n";
			showEnvVarsInLog = 0;
		};
		9DF790A0249263170338C054 /* [CP] Embed Pods Frameworks */ = {
			isa = PBXShellScriptBuildPhase;
			buildActionMask = 2147483647;
			files = (
			);
			inputPaths = (
			);
			name = "[CP] Embed Pods Frameworks";
			outputPaths = (
			);
			runOnlyForDeploymentPostprocessing = 0;
			shellPath = /bin/sh;
			shellScript = "\"${SRCROOT}/Pods/Target Support Files/Pods-MXTourism/Pods-MXTourism-frameworks.sh\"\n";
			showEnvVarsInLog = 0;
		};
/* End PBXShellScriptBuildPhase section */

/* Begin PBXSourcesBuildPhase section */
		6FB028492147B45C00E1B90B /* Sources */ = {
			isa = PBXSourcesBuildPhase;
			buildActionMask = 2147483647;
			files = (
				6FB028602147B45D00E1B90B /* main.m in Sources */,
				D7ED14FA214F411600BD7998 /* MXSubHomeVC.m in Sources */,
				D7CD2C282159C81700E7BF5D /* Person.m in Sources */,
				D713D8022149125F00C4CC4D /* BaseViewController.m in Sources */,
				D7ED1500214F793700BD7998 /* NSString+Category.m in Sources */,
				6FB028852147B8A000E1B90B /* TimeTools.m in Sources */,
				D7E73BB62151F7920051A465 /* MXTravelCell.m in Sources */,
				D7B104E72150A01900F44B7C /* MXResultsViewController.m in Sources */,
				D713D7ED2148ECFF00C4CC4D /* RootViewController.m in Sources */,
				D713D7E42148ADBD00C4CC4D /* UIView+CornerRadius.m in Sources */,
				D7B98356215C6B7A00174228 /* UIViewController+BackButtonHandler.m in Sources */,
				D7ED1504214F923F00BD7998 /* MXPlaceViewCell.m in Sources */,
				D7ED14FD214F4DAF00BD7998 /* MXDetailViewController.m in Sources */,
				D7B104EA2150A11500F44B7C /* YYSQLiteManager.m in Sources */,
				D7E73BBE21522D900051A465 /* MXTravelDetailViewController.m in Sources */,
				6FB028812147B88100E1B90B /* NSDictionary+Log.m in Sources */,
				D73EE80D214B57FB00C48C8B /* MXBannerCell.m in Sources */,
				D7B104EE2150A46200F44B7C /* MXFeaturedSpotsCell.m in Sources */,
				D7030BC82147C0F40035687E /* MainViewController.m in Sources */,
				D74D275D215485AC00B1310F /* MXAboutViewController.m in Sources */,
				D713D7FF214908E900C4CC4D /* MXRecommendViewController.m in Sources */,
				6FB0287B2147B80700E1B90B /* YYHttpRequest.m in Sources */,
				6FB028772147B49C00E1B90B /* ViewController.m in Sources */,
				D73EE807214B552700C48C8B /* WLSubView.m in Sources */,
				6FB028802147B88100E1B90B /* UITableView+PlaceHolder.m in Sources */,
				D7CD2C31215A0A5900E7BF5D /* NSDictionary+Category.m in Sources */,
				D7B105002150F81900F44B7C /* MXUpdatePersonInfoVC.m in Sources */,
				D713D7DE2148A48D00C4CC4D /* MXLoginAlertView.m in Sources */,
				D73EE806214B552700C48C8B /* WLScrollView.m in Sources */,
				D713D7F9214908C200C4CC4D /* MXLocationViewController.m in Sources */,
				6FB028782147B49C00E1B90B /* AppDelegate.m in Sources */,
				D713D7F32149082300C4CC4D /* MXTabBarController.m in Sources */,
				D7ED1508214F9B9400BD7998 /* UIImage+Category.m in Sources */,
				D713D7F6214908B300C4CC4D /* MXHomeViewController.m in Sources */,
				D7ED150C214FAC6D00BD7998 /* MXAttractionCell.m in Sources */,
				D713D7FC214908D700C4CC4D /* MXMineViewController.m in Sources */,
				D72AE7102153881200516198 /* AlertControllerMaker.m in Sources */,
				D713D7E32148ADBD00C4CC4D /* UIImageView+CornerRadius.m in Sources */,
				D74D276121549B9E00B1310F /* MXNavigationController.m in Sources */,
				D7E73BBA21522A460051A465 /* MXTravelCollectionViewCell.m in Sources */,
			);
			runOnlyForDeploymentPostprocessing = 0;
		};
/* End PBXSourcesBuildPhase section */

/* Begin PBXVariantGroup section */
		6FB028562147B45C00E1B90B /* Main.storyboard */ = {
			isa = PBXVariantGroup;
			children = (
				6FB028572147B45C00E1B90B /* Base */,
			);
			name = Main.storyboard;
			sourceTree = "<group>";
		};
		6FB0285B2147B45D00E1B90B /* LaunchScreen.storyboard */ = {
			isa = PBXVariantGroup;
			children = (
				6FB0285C2147B45D00E1B90B /* Base */,
			);
			name = LaunchScreen.storyboard;
			sourceTree = "<group>";
		};
/* End PBXVariantGroup section */

/* Begin XCBuildConfiguration section */
		6FB028612147B45D00E1B90B /* Debug */ = {
			isa = XCBuildConfiguration;
			buildSettings = {
				ALWAYS_SEARCH_USER_PATHS = NO;
				CLANG_ANALYZER_NONNULL = YES;
				CLANG_ANALYZER_NUMBER_OBJECT_CONVERSION = YES_AGGRESSIVE;
				CLANG_CXX_LANGUAGE_STANDARD = "gnu++14";
				CLANG_CXX_LIBRARY = "libc++";
				CLANG_ENABLE_MODULES = YES;
				CLANG_ENABLE_OBJC_ARC = YES;
				CLANG_ENABLE_OBJC_WEAK = YES;
				CLANG_WARN_BLOCK_CAPTURE_AUTORELEASING = YES;
				CLANG_WARN_BOOL_CONVERSION = YES;
				CLANG_WARN_COMMA = YES;
				CLANG_WARN_CONSTANT_CONVERSION = YES;
				CLANG_WARN_DEPRECATED_OBJC_IMPLEMENTATIONS = YES;
				CLANG_WARN_DIRECT_OBJC_ISA_USAGE = YES_ERROR;
				CLANG_WARN_DOCUMENTATION_COMMENTS = YES;
				CLANG_WARN_EMPTY_BODY = YES;
				CLANG_WARN_ENUM_CONVERSION = YES;
				CLANG_WARN_INFINITE_RECURSION = YES;
				CLANG_WARN_INT_CONVERSION = YES;
				CLANG_WARN_NON_LITERAL_NULL_CONVERSION = YES;
				CLANG_WARN_OBJC_IMPLICIT_RETAIN_SELF = YES;
				CLANG_WARN_OBJC_LITERAL_CONVERSION = YES;
				CLANG_WARN_OBJC_ROOT_CLASS = YES_ERROR;
				CLANG_WARN_RANGE_LOOP_ANALYSIS = YES;
				CLANG_WARN_STRICT_PROTOTYPES = YES;
				CLANG_WARN_SUSPICIOUS_MOVE = YES;
				CLANG_WARN_UNGUARDED_AVAILABILITY = YES_AGGRESSIVE;
				CLANG_WARN_UNREACHABLE_CODE = YES;
				CLANG_WARN__DUPLICATE_METHOD_MATCH = YES;
				CODE_SIGN_IDENTITY = "iPhone Developer";
				COPY_PHASE_STRIP = NO;
				DEBUG_INFORMATION_FORMAT = dwarf;
				ENABLE_STRICT_OBJC_MSGSEND = YES;
				ENABLE_TESTABILITY = YES;
				GCC_C_LANGUAGE_STANDARD = gnu11;
				GCC_DYNAMIC_NO_PIC = NO;
				GCC_NO_COMMON_BLOCKS = YES;
				GCC_OPTIMIZATION_LEVEL = 0;
				GCC_PREPROCESSOR_DEFINITIONS = (
					"DEBUG=1",
					"$(inherited)",
				);
				GCC_WARN_64_TO_32_BIT_CONVERSION = YES;
				GCC_WARN_ABOUT_RETURN_TYPE = YES_ERROR;
				GCC_WARN_UNDECLARED_SELECTOR = YES;
				GCC_WARN_UNINITIALIZED_AUTOS = YES_AGGRESSIVE;
				GCC_WARN_UNUSED_FUNCTION = YES;
				GCC_WARN_UNUSED_VARIABLE = YES;
				IPHONEOS_DEPLOYMENT_TARGET = 11.4;
				MTL_ENABLE_DEBUG_INFO = YES;
				ONLY_ACTIVE_ARCH = YES;
				SDKROOT = iphoneos;
			};
			name = Debug;
		};
		6FB028622147B45D00E1B90B /* Release */ = {
			isa = XCBuildConfiguration;
			buildSettings = {
				ALWAYS_SEARCH_USER_PATHS = NO;
				CLANG_ANALYZER_NONNULL = YES;
				CLANG_ANALYZER_NUMBER_OBJECT_CONVERSION = YES_AGGRESSIVE;
				CLANG_CXX_LANGUAGE_STANDARD = "gnu++14";
				CLANG_CXX_LIBRARY = "libc++";
				CLANG_ENABLE_MODULES = YES;
				CLANG_ENABLE_OBJC_ARC = YES;
				CLANG_ENABLE_OBJC_WEAK = YES;
				CLANG_WARN_BLOCK_CAPTURE_AUTORELEASING = YES;
				CLANG_WARN_BOOL_CONVERSION = YES;
				CLANG_WARN_COMMA = YES;
				CLANG_WARN_CONSTANT_CONVERSION = YES;
				CLANG_WARN_DEPRECATED_OBJC_IMPLEMENTATIONS = YES;
				CLANG_WARN_DIRECT_OBJC_ISA_USAGE = YES_ERROR;
				CLANG_WARN_DOCUMENTATION_COMMENTS = YES;
				CLANG_WARN_EMPTY_BODY = YES;
				CLANG_WARN_ENUM_CONVERSION = YES;
				CLANG_WARN_INFINITE_RECURSION = YES;
				CLANG_WARN_INT_CONVERSION = YES;
				CLANG_WARN_NON_LITERAL_NULL_CONVERSION = YES;
				CLANG_WARN_OBJC_IMPLICIT_RETAIN_SELF = YES;
				CLANG_WARN_OBJC_LITERAL_CONVERSION = YES;
				CLANG_WARN_OBJC_ROOT_CLASS = YES_ERROR;
				CLANG_WARN_RANGE_LOOP_ANALYSIS = YES;
				CLANG_WARN_STRICT_PROTOTYPES = YES;
				CLANG_WARN_SUSPICIOUS_MOVE = YES;
				CLANG_WARN_UNGUARDED_AVAILABILITY = YES_AGGRESSIVE;
				CLANG_WARN_UNREACHABLE_CODE = YES;
				CLANG_WARN__DUPLICATE_METHOD_MATCH = YES;
				CODE_SIGN_IDENTITY = "iPhone Developer";
				COPY_PHASE_STRIP = NO;
				DEBUG_INFORMATION_FORMAT = "dwarf-with-dsym";
				ENABLE_NS_ASSERTIONS = NO;
				ENABLE_STRICT_OBJC_MSGSEND = YES;
				GCC_C_LANGUAGE_STANDARD = gnu11;
				GCC_NO_COMMON_BLOCKS = YES;
				GCC_WARN_64_TO_32_BIT_CONVERSION = YES;
				GCC_WARN_ABOUT_RETURN_TYPE = YES_ERROR;
				GCC_WARN_UNDECLARED_SELECTOR = YES;
				GCC_WARN_UNINITIALIZED_AUTOS = YES_AGGRESSIVE;
				GCC_WARN_UNUSED_FUNCTION = YES;
				GCC_WARN_UNUSED_VARIABLE = YES;
				IPHONEOS_DEPLOYMENT_TARGET = 11.4;
				MTL_ENABLE_DEBUG_INFO = NO;
				SDKROOT = iphoneos;
				VALIDATE_PRODUCT = YES;
			};
			name = Release;
		};
		6FB028642147B45D00E1B90B /* Debug */ = {
			isa = XCBuildConfiguration;
			baseConfigurationReference = D8627C4213AD7B18A95339B8 /* Pods-MXTourism.debug.xcconfig */;
			buildSettings = {
				ASSETCATALOG_COMPILER_APPICON_NAME = AppIcon;
				CODE_SIGN_ENTITLEMENTS = MXTourism/MXTourism.entitlements;
				CODE_SIGN_IDENTITY = "iPhone Distribution";
				CODE_SIGN_STYLE = Manual;
				DEVELOPMENT_TEAM = 4UVCUV5ADR;
				GCC_PREFIX_HEADER = MXTourism/Tools/PrefixHeader.pch;
				INFOPLIST_FILE = MXTourism/Info.plist;
				IPHONEOS_DEPLOYMENT_TARGET = 9.0;
				LD_RUNPATH_SEARCH_PATHS = (
					"$(inherited)",
					"@executable_path/Frameworks",
				);
				PRODUCT_BUNDLE_IDENTIFIER = com.MXTourism.2048.www;
				PRODUCT_NAME = "$(TARGET_NAME)";
				PROVISIONING_PROFILE = "cb130a53-a24c-498a-a209-489fbf36c6c4";
				PROVISIONING_PROFILE_SPECIFIER = tourism_DIS;
				TARGETED_DEVICE_FAMILY = 1;
			};
			name = Debug;
		};
		6FB028652147B45D00E1B90B /* Release */ = {
			isa = XCBuildConfiguration;
			baseConfigurationReference = 1590FC84BFEC9178B56D5981 /* Pods-MXTourism.release.xcconfig */;
			buildSettings = {
				ASSETCATALOG_COMPILER_APPICON_NAME = AppIcon;
				CODE_SIGN_ENTITLEMENTS = MXTourism/MXTourism.entitlements;
				CODE_SIGN_IDENTITY = "iPhone Distribution";
				CODE_SIGN_STYLE = Manual;
				DEVELOPMENT_TEAM = 4UVCUV5ADR;
				GCC_PREFIX_HEADER = MXTourism/Tools/PrefixHeader.pch;
				INFOPLIST_FILE = MXTourism/Info.plist;
				IPHONEOS_DEPLOYMENT_TARGET = 9.0;
				LD_RUNPATH_SEARCH_PATHS = (
					"$(inherited)",
					"@executable_path/Frameworks",
				);
				PRODUCT_BUNDLE_IDENTIFIER = com.MXTourism.2048.www;
				PRODUCT_NAME = "$(TARGET_NAME)";
				PROVISIONING_PROFILE = "cb130a53-a24c-498a-a209-489fbf36c6c4";
				PROVISIONING_PROFILE_SPECIFIER = tourism_DIS;
				TARGETED_DEVICE_FAMILY = 1;
			};
			name = Release;
		};
/* End XCBuildConfiguration section */

/* Begin XCConfigurationList section */
		6FB028482147B45C00E1B90B /* Build configuration list for PBXProject "MXTourism" */ = {
			isa = XCConfigurationList;
			buildConfigurations = (
				6FB028612147B45D00E1B90B /* Debug */,
				6FB028622147B45D00E1B90B /* Release */,
			);
			defaultConfigurationIsVisible = 0;
			defaultConfigurationName = Release;
		};
		6FB028632147B45D00E1B90B /* Build configuration list for PBXNativeTarget "MXTourism" */ = {
			isa = XCConfigurationList;
			buildConfigurations = (
				6FB028642147B45D00E1B90B /* Debug */,
				6FB028652147B45D00E1B90B /* Release */,
			);
			defaultConfigurationIsVisible = 0;
			defaultConfigurationName = Release;
		};
/* End XCConfigurationList section */
	};
	rootObject = 6FB028452147B45C00E1B90B /* Project object */;
}
