// !$*UTF8*$!
{
	archiveVersion = 1;
	classes = {
	};
	objectVersion = 50;
	objects = {

/* Begin PBXBuildFile section */
		893F1C827AE015D5E99F5A2C /* libPods-dispatch_semaphore.a in Frameworks */ = {isa = PBXBuildFile; fileRef = 33C3FD22F0F4C63EE4C8DF9D /* libPods-dispatch_semaphore.a */; };
		D716BAE221806DF2004A6ECC /* YYTabBarController.m in Sources */ = {isa = PBXBuildFile; fileRef = D716BAE121806DF2004A6ECC /* YYTabBarController.m */; };
		D71EDF212186FAE300161F17 /* KVOViewController.m in Sources */ = {isa = PBXBuildFile; fileRef = D71EDF202186FAE300161F17 /* KVOViewController.m */; };
		D730CC84214A0F6000028698 /* AppDelegate.m in Sources */ = {isa = PBXBuildFile; fileRef = D730CC83214A0F6000028698 /* AppDelegate.m */; };
		D730CC87214A0F6000028698 /* ViewController.m in Sources */ = {isa = PBXBuildFile; fileRef = D730CC86214A0F6000028698 /* ViewController.m */; };
		D730CC8A214A0F6000028698 /* Main.storyboard in Resources */ = {isa = PBXBuildFile; fileRef = D730CC88214A0F6000028698 /* Main.storyboard */; };
		D730CC8C214A0F6200028698 /* Assets.xcassets in Resources */ = {isa = PBXBuildFile; fileRef = D730CC8B214A0F6200028698 /* Assets.xcassets */; };
		D730CC8F214A0F6200028698 /* LaunchScreen.storyboard in Resources */ = {isa = PBXBuildFile; fileRef = D730CC8D214A0F6200028698 /* LaunchScreen.storyboard */; };
		D730CC92214A0F6200028698 /* main.m in Sources */ = {isa = PBXBuildFile; fileRef = D730CC91214A0F6200028698 /* main.m */; };
		D730CC9C214A0F6200028698 /* dispatch_semaphoreTests.m in Sources */ = {isa = PBXBuildFile; fileRef = D730CC9B214A0F6200028698 /* dispatch_semaphoreTests.m */; };
		D730CCA7214A0F6200028698 /* dispatch_semaphoreUITests.m in Sources */ = {isa = PBXBuildFile; fileRef = D730CCA6214A0F6200028698 /* dispatch_semaphoreUITests.m */; };
		D73A482C217969D500DFD8B6 /* NextViewController.m in Sources */ = {isa = PBXBuildFile; fileRef = D73A482B217969D500DFD8B6 /* NextViewController.m */; };
		D73A483321796C8100DFD8B6 /* UIImageView+DSL.m in Sources */ = {isa = PBXBuildFile; fileRef = D73A483221796C8100DFD8B6 /* UIImageView+DSL.m */; };
		D73A483621796D2700DFD8B6 /* UIView+DSL.m in Sources */ = {isa = PBXBuildFile; fileRef = D73A483521796D2700DFD8B6 /* UIView+DSL.m */; };
		D73A48392179D33A00DFD8B6 /* NSString+category.m in Sources */ = {isa = PBXBuildFile; fileRef = D73A48382179D33A00DFD8B6 /* NSString+category.m */; };
		D73A483C2179D98A00DFD8B6 /* ChildViewController.m in Sources */ = {isa = PBXBuildFile; fileRef = D73A483B2179D98A00DFD8B6 /* ChildViewController.m */; };
		D7406735217594BB007FCBBA /* UIButton+category.m in Sources */ = {isa = PBXBuildFile; fileRef = D7406734217594BB007FCBBA /* UIButton+category.m */; };
		D748B947219562E700964758 /* TimeTools.m in Sources */ = {isa = PBXBuildFile; fileRef = D748B944219562E600964758 /* TimeTools.m */; };
		D748B948219562E700964758 /* UIViewController+AlertViewAndActionSheet.m in Sources */ = {isa = PBXBuildFile; fileRef = D748B946219562E600964758 /* UIViewController+AlertViewAndActionSheet.m */; };
		D748B94B2195638C00964758 /* YYAlertViewController.m in Sources */ = {isa = PBXBuildFile; fileRef = D748B94A2195638C00964758 /* YYAlertViewController.m */; };
		D768A00A21990CFB000905B3 /* RetainCountViewController.m in Sources */ = {isa = PBXBuildFile; fileRef = D768A00921990CFB000905B3 /* RetainCountViewController.m */; settings = {COMPILER_FLAGS = "-fno-objc-arc"; }; };
		D768A05021997FE6000905B3 /* HUViewController.m in Sources */ = {isa = PBXBuildFile; fileRef = D768A04E21997FE6000905B3 /* HUViewController.m */; };
		D768A05121997FE6000905B3 /* HUViewController.xib in Resources */ = {isa = PBXBuildFile; fileRef = D768A04F21997FE6000905B3 /* HUViewController.xib */; };
		D775BC50217DA841000F9487 /* NSObject+swizzled.m in Sources */ = {isa = PBXBuildFile; fileRef = D775BC4F217DA841000F9487 /* NSObject+swizzled.m */; };
		D77893C621703EAE00B43DAD /* RootViewController.m in Sources */ = {isa = PBXBuildFile; fileRef = D77893C521703EAE00B43DAD /* RootViewController.m */; };
		D7832DE9217815D80047ED1B /* ThemeViewController.m in Sources */ = {isa = PBXBuildFile; fileRef = D7832DE8217815D80047ED1B /* ThemeViewController.m */; };
		D7832DEC21784F0D0047ED1B /* Person.m in Sources */ = {isa = PBXBuildFile; fileRef = D7832DEB21784F0D0047ED1B /* Person.m */; };
		D7832DEF2178650B0047ED1B /* EndViewController.m in Sources */ = {isa = PBXBuildFile; fileRef = D7832DEE2178650B0047ED1B /* EndViewController.m */; };
		D7832DF2217874030047ED1B /* UINavigationBar+ChangeColor.m in Sources */ = {isa = PBXBuildFile; fileRef = D7832DF1217874030047ED1B /* UINavigationBar+ChangeColor.m */; };
		D7832DF521787E3D0047ED1B /* UIImage+Color.m in Sources */ = {isa = PBXBuildFile; fileRef = D7832DF421787E3D0047ED1B /* UIImage+Color.m */; };
		D7832DFE21788B350047ED1B /* UIViewController+BaseClass.m in Sources */ = {isa = PBXBuildFile; fileRef = D7832DFD21788B350047ED1B /* UIViewController+BaseClass.m */; };
		D7832E0121788D050047ED1B /* GCDHelper.m in Sources */ = {isa = PBXBuildFile; fileRef = D7832E0021788D050047ED1B /* GCDHelper.m */; };
		D7E1CDF1217EADB200337BA6 /* UILabel+category.m in Sources */ = {isa = PBXBuildFile; fileRef = D7E1CDF0217EADB200337BA6 /* UILabel+category.m */; };
		D7E1CDF4217EB8E300337BA6 /* SkillsViewController.m in Sources */ = {isa = PBXBuildFile; fileRef = D7E1CDF3217EB8E300337BA6 /* SkillsViewController.m */; };
		D7E3823D217EFF0D00089D49 /* CommonTools.m in Sources */ = {isa = PBXBuildFile; fileRef = D7E3823C217EFF0D00089D49 /* CommonTools.m */; };
		D7EBF0052176E4A2008E0479 /* GCDViewController.m in Sources */ = {isa = PBXBuildFile; fileRef = D7EBF0042176E4A2008E0479 /* GCDViewController.m */; };
		D7EBF008217715B0008E0479 /* BlockViewController.m in Sources */ = {isa = PBXBuildFile; fileRef = D7EBF007217715B0008E0479 /* BlockViewController.m */; settings = {COMPILER_FLAGS = "-fno-objc-arc"; }; };
		D7EBF00B21772AD5008E0479 /* BlockViewController(ARC).m in Sources */ = {isa = PBXBuildFile; fileRef = D7EBF00A21772AD5008E0479 /* BlockViewController(ARC).m */; };
		D7F05C5F216B34CE00DC0A8A /* MainViewController.m in Sources */ = {isa = PBXBuildFile; fileRef = D7F05C5E216B34CE00DC0A8A /* MainViewController.m */; };
/* End PBXBuildFile section */

/* Begin PBXContainerItemProxy section */
		D730CC98214A0F6200028698 /* PBXContainerItemProxy */ = {
			isa = PBXContainerItemProxy;
			containerPortal = D730CC77214A0F6000028698 /* Project object */;
			proxyType = 1;
			remoteGlobalIDString = D730CC7E214A0F6000028698;
			remoteInfo = dispatch_semaphore;
		};
		D730CCA3214A0F6200028698 /* PBXContainerItemProxy */ = {
			isa = PBXContainerItemProxy;
			containerPortal = D730CC77214A0F6000028698 /* Project object */;
			proxyType = 1;
			remoteGlobalIDString = D730CC7E214A0F6000028698;
			remoteInfo = dispatch_semaphore;
		};
/* End PBXContainerItemProxy section */

/* Begin PBXFileReference section */
		33C3FD22F0F4C63EE4C8DF9D /* libPods-dispatch_semaphore.a */ = {isa = PBXFileReference; explicitFileType = archive.ar; includeInIndex = 0; path = "libPods-dispatch_semaphore.a"; sourceTree = BUILT_PRODUCTS_DIR; };
		56CB6AED829017D73EEC58A0 /* Pods-dispatch_semaphore.debug.xcconfig */ = {isa = PBXFileReference; includeInIndex = 1; lastKnownFileType = text.xcconfig; name = "Pods-dispatch_semaphore.debug.xcconfig"; path = "Pods/Target Support Files/Pods-dispatch_semaphore/Pods-dispatch_semaphore.debug.xcconfig"; sourceTree = "<group>"; };
		841FD77EC02BBC5D98F84940 /* Pods-dispatch_semaphore.release.xcconfig */ = {isa = PBXFileReference; includeInIndex = 1; lastKnownFileType = text.xcconfig; name = "Pods-dispatch_semaphore.release.xcconfig"; path = "Pods/Target Support Files/Pods-dispatch_semaphore/Pods-dispatch_semaphore.release.xcconfig"; sourceTree = "<group>"; };
		D716BAE021806DF2004A6ECC /* YYTabBarController.h */ = {isa = PBXFileReference; lastKnownFileType = sourcecode.c.h; path = YYTabBarController.h; sourceTree = "<group>"; };
		D716BAE121806DF2004A6ECC /* YYTabBarController.m */ = {isa = PBXFileReference; lastKnownFileType = sourcecode.c.objc; path = YYTabBarController.m; sourceTree = "<group>"; };
		D71EDF1F2186FAE300161F17 /* KVOViewController.h */ = {isa = PBXFileReference; lastKnownFileType = sourcecode.c.h; path = KVOViewController.h; sourceTree = "<group>"; };
		D71EDF202186FAE300161F17 /* KVOViewController.m */ = {isa = PBXFileReference; lastKnownFileType = sourcecode.c.objc; path = KVOViewController.m; sourceTree = "<group>"; };
		D730CC7F214A0F6000028698 /* dispatch_semaphore.app */ = {isa = PBXFileReference; explicitFileType = wrapper.application; includeInIndex = 0; path = dispatch_semaphore.app; sourceTree = BUILT_PRODUCTS_DIR; };
		D730CC82214A0F6000028698 /* AppDelegate.h */ = {isa = PBXFileReference; lastKnownFileType = sourcecode.c.h; path = AppDelegate.h; sourceTree = "<group>"; };
		D730CC83214A0F6000028698 /* AppDelegate.m */ = {isa = PBXFileReference; lastKnownFileType = sourcecode.c.objc; path = AppDelegate.m; sourceTree = "<group>"; };
		D730CC85214A0F6000028698 /* ViewController.h */ = {isa = PBXFileReference; lastKnownFileType = sourcecode.c.h; path = ViewController.h; sourceTree = "<group>"; };
		D730CC86214A0F6000028698 /* ViewController.m */ = {isa = PBXFileReference; lastKnownFileType = sourcecode.c.objc; path = ViewController.m; sourceTree = "<group>"; };
		D730CC89214A0F6000028698 /* Base */ = {isa = PBXFileReference; lastKnownFileType = file.storyboard; name = Base; path = Base.lproj/Main.storyboard; sourceTree = "<group>"; };
		D730CC8B214A0F6200028698 /* Assets.xcassets */ = {isa = PBXFileReference; lastKnownFileType = folder.assetcatalog; path = Assets.xcassets; sourceTree = "<group>"; };
		D730CC8E214A0F6200028698 /* Base */ = {isa = PBXFileReference; lastKnownFileType = file.storyboard; name = Base; path = Base.lproj/LaunchScreen.storyboard; sourceTree = "<group>"; };
		D730CC90214A0F6200028698 /* Info.plist */ = {isa = PBXFileReference; lastKnownFileType = text.plist.xml; path = Info.plist; sourceTree = "<group>"; };
		D730CC91214A0F6200028698 /* main.m */ = {isa = PBXFileReference; lastKnownFileType = sourcecode.c.objc; path = main.m; sourceTree = "<group>"; };
		D730CC97214A0F6200028698 /* dispatch_semaphoreTests.xctest */ = {isa = PBXFileReference; explicitFileType = wrapper.cfbundle; includeInIndex = 0; path = dispatch_semaphoreTests.xctest; sourceTree = BUILT_PRODUCTS_DIR; };
		D730CC9B214A0F6200028698 /* dispatch_semaphoreTests.m */ = {isa = PBXFileReference; lastKnownFileType = sourcecode.c.objc; path = dispatch_semaphoreTests.m; sourceTree = "<group>"; };
		D730CC9D214A0F6200028698 /* Info.plist */ = {isa = PBXFileReference; lastKnownFileType = text.plist.xml; path = Info.plist; sourceTree = "<group>"; };
		D730CCA2214A0F6200028698 /* dispatch_semaphoreUITests.xctest */ = {isa = PBXFileReference; explicitFileType = wrapper.cfbundle; includeInIndex = 0; path = dispatch_semaphoreUITests.xctest; sourceTree = BUILT_PRODUCTS_DIR; };
		D730CCA6214A0F6200028698 /* dispatch_semaphoreUITests.m */ = {isa = PBXFileReference; lastKnownFileType = sourcecode.c.objc; path = dispatch_semaphoreUITests.m; sourceTree = "<group>"; };
		D730CCA8214A0F6200028698 /* Info.plist */ = {isa = PBXFileReference; lastKnownFileType = text.plist.xml; path = Info.plist; sourceTree = "<group>"; };
		D73A482A217969D500DFD8B6 /* NextViewController.h */ = {isa = PBXFileReference; lastKnownFileType = sourcecode.c.h; path = NextViewController.h; sourceTree = "<group>"; };
		D73A482B217969D500DFD8B6 /* NextViewController.m */ = {isa = PBXFileReference; lastKnownFileType = sourcecode.c.objc; path = NextViewController.m; sourceTree = "<group>"; };
		D73A482D21796A2100DFD8B6 /* PrefixHeader.pch */ = {isa = PBXFileReference; lastKnownFileType = sourcecode.c.h; path = PrefixHeader.pch; sourceTree = "<group>"; };
		D73A483121796C8100DFD8B6 /* UIImageView+DSL.h */ = {isa = PBXFileReference; lastKnownFileType = sourcecode.c.h; path = "UIImageView+DSL.h"; sourceTree = "<group>"; };
		D73A483221796C8100DFD8B6 /* UIImageView+DSL.m */ = {isa = PBXFileReference; lastKnownFileType = sourcecode.c.objc; path = "UIImageView+DSL.m"; sourceTree = "<group>"; };
		D73A483421796D2700DFD8B6 /* UIView+DSL.h */ = {isa = PBXFileReference; lastKnownFileType = sourcecode.c.h; path = "UIView+DSL.h"; sourceTree = "<group>"; };
		D73A483521796D2700DFD8B6 /* UIView+DSL.m */ = {isa = PBXFileReference; lastKnownFileType = sourcecode.c.objc; path = "UIView+DSL.m"; sourceTree = "<group>"; };
		D73A48372179D33A00DFD8B6 /* NSString+category.h */ = {isa = PBXFileReference; lastKnownFileType = sourcecode.c.h; path = "NSString+category.h"; sourceTree = "<group>"; };
		D73A48382179D33A00DFD8B6 /* NSString+category.m */ = {isa = PBXFileReference; lastKnownFileType = sourcecode.c.objc; path = "NSString+category.m"; sourceTree = "<group>"; };
		D73A483A2179D98A00DFD8B6 /* ChildViewController.h */ = {isa = PBXFileReference; lastKnownFileType = sourcecode.c.h; path = ChildViewController.h; sourceTree = "<group>"; };
		D73A483B2179D98A00DFD8B6 /* ChildViewController.m */ = {isa = PBXFileReference; lastKnownFileType = sourcecode.c.objc; path = ChildViewController.m; sourceTree = "<group>"; };
		D7406733217594BB007FCBBA /* UIButton+category.h */ = {isa = PBXFileReference; lastKnownFileType = sourcecode.c.h; path = "UIButton+category.h"; sourceTree = "<group>"; };
		D7406734217594BB007FCBBA /* UIButton+category.m */ = {isa = PBXFileReference; lastKnownFileType = sourcecode.c.objc; path = "UIButton+category.m"; sourceTree = "<group>"; };
		D748B943219562E600964758 /* TimeTools.h */ = {isa = PBXFileReference; fileEncoding = 4; lastKnownFileType = sourcecode.c.h; path = TimeTools.h; sourceTree = "<group>"; };
		D748B944219562E600964758 /* TimeTools.m */ = {isa = PBXFileReference; fileEncoding = 4; lastKnownFileType = sourcecode.c.objc; path = TimeTools.m; sourceTree = "<group>"; };
		D748B945219562E600964758 /* UIViewController+AlertViewAndActionSheet.h */ = {isa = PBXFileReference; fileEncoding = 4; lastKnownFileType = sourcecode.c.h; path = "UIViewController+AlertViewAndActionSheet.h"; sourceTree = "<group>"; };
		D748B946219562E600964758 /* UIViewController+AlertViewAndActionSheet.m */ = {isa = PBXFileReference; fileEncoding = 4; lastKnownFileType = sourcecode.c.objc; path = "UIViewController+AlertViewAndActionSheet.m"; sourceTree = "<group>"; };
		D748B9492195638C00964758 /* YYAlertViewController.h */ = {isa = PBXFileReference; lastKnownFileType = sourcecode.c.h; path = YYAlertViewController.h; sourceTree = "<group>"; };
		D748B94A2195638C00964758 /* YYAlertViewController.m */ = {isa = PBXFileReference; lastKnownFileType = sourcecode.c.objc; path = YYAlertViewController.m; sourceTree = "<group>"; };
		D75D29C82181BB060072948A /* UILabel+Extension.h */ = {isa = PBXFileReference; lastKnownFileType = sourcecode.c.h; path = "UILabel+Extension.h"; sourceTree = "<group>"; };
		D768A00821990CFB000905B3 /* RetainCountViewController.h */ = {isa = PBXFileReference; lastKnownFileType = sourcecode.c.h; path = RetainCountViewController.h; sourceTree = "<group>"; };
		D768A00921990CFB000905B3 /* RetainCountViewController.m */ = {isa = PBXFileReference; lastKnownFileType = sourcecode.c.objc; path = RetainCountViewController.m; sourceTree = "<group>"; };
		D768A04D21997FE6000905B3 /* HUViewController.h */ = {isa = PBXFileReference; lastKnownFileType = sourcecode.c.h; path = HUViewController.h; sourceTree = "<group>"; };
		D768A04E21997FE6000905B3 /* HUViewController.m */ = {isa = PBXFileReference; lastKnownFileType = sourcecode.c.objc; path = HUViewController.m; sourceTree = "<group>"; };
		D768A04F21997FE6000905B3 /* HUViewController.xib */ = {isa = PBXFileReference; lastKnownFileType = file.xib; path = HUViewController.xib; sourceTree = "<group>"; };
		D775BC4E217DA841000F9487 /* NSObject+swizzled.h */ = {isa = PBXFileReference; lastKnownFileType = sourcecode.c.h; path = "NSObject+swizzled.h"; sourceTree = "<group>"; };
		D775BC4F217DA841000F9487 /* NSObject+swizzled.m */ = {isa = PBXFileReference; lastKnownFileType = sourcecode.c.objc; path = "NSObject+swizzled.m"; sourceTree = "<group>"; };
		D77893C421703EAE00B43DAD /* RootViewController.h */ = {isa = PBXFileReference; lastKnownFileType = sourcecode.c.h; path = RootViewController.h; sourceTree = "<group>"; };
		D77893C521703EAE00B43DAD /* RootViewController.m */ = {isa = PBXFileReference; lastKnownFileType = sourcecode.c.objc; path = RootViewController.m; sourceTree = "<group>"; };
		D7832DE7217815D80047ED1B /* ThemeViewController.h */ = {isa = PBXFileReference; lastKnownFileType = sourcecode.c.h; path = ThemeViewController.h; sourceTree = "<group>"; };
		D7832DE8217815D80047ED1B /* ThemeViewController.m */ = {isa = PBXFileReference; lastKnownFileType = sourcecode.c.objc; path = ThemeViewController.m; sourceTree = "<group>"; };
		D7832DEA21784F0D0047ED1B /* Person.h */ = {isa = PBXFileReference; lastKnownFileType = sourcecode.c.h; path = Person.h; sourceTree = "<group>"; };
		D7832DEB21784F0D0047ED1B /* Person.m */ = {isa = PBXFileReference; lastKnownFileType = sourcecode.c.objc; path = Person.m; sourceTree = "<group>"; };
		D7832DED2178650B0047ED1B /* EndViewController.h */ = {isa = PBXFileReference; lastKnownFileType = sourcecode.c.h; path = EndViewController.h; sourceTree = "<group>"; };
		D7832DEE2178650B0047ED1B /* EndViewController.m */ = {isa = PBXFileReference; lastKnownFileType = sourcecode.c.objc; path = EndViewController.m; sourceTree = "<group>"; };
		D7832DF0217874030047ED1B /* UINavigationBar+ChangeColor.h */ = {isa = PBXFileReference; fileEncoding = 4; lastKnownFileType = sourcecode.c.h; path = "UINavigationBar+ChangeColor.h"; sourceTree = "<group>"; };
		D7832DF1217874030047ED1B /* UINavigationBar+ChangeColor.m */ = {isa = PBXFileReference; fileEncoding = 4; lastKnownFileType = sourcecode.c.objc; path = "UINavigationBar+ChangeColor.m"; sourceTree = "<group>"; };
		D7832DF321787E3D0047ED1B /* UIImage+Color.h */ = {isa = PBXFileReference; lastKnownFileType = sourcecode.c.h; path = "UIImage+Color.h"; sourceTree = "<group>"; };
		D7832DF421787E3D0047ED1B /* UIImage+Color.m */ = {isa = PBXFileReference; lastKnownFileType = sourcecode.c.objc; path = "UIImage+Color.m"; sourceTree = "<group>"; };
		D7832DFC21788B350047ED1B /* UIViewController+BaseClass.h */ = {isa = PBXFileReference; lastKnownFileType = sourcecode.c.h; path = "UIViewController+BaseClass.h"; sourceTree = "<group>"; };
		D7832DFD21788B350047ED1B /* UIViewController+BaseClass.m */ = {isa = PBXFileReference; lastKnownFileType = sourcecode.c.objc; path = "UIViewController+BaseClass.m"; sourceTree = "<group>"; };
		D7832DFF21788D050047ED1B /* GCDHelper.h */ = {isa = PBXFileReference; lastKnownFileType = sourcecode.c.h; path = GCDHelper.h; sourceTree = "<group>"; };
		D7832E0021788D050047ED1B /* GCDHelper.m */ = {isa = PBXFileReference; lastKnownFileType = sourcecode.c.objc; path = GCDHelper.m; sourceTree = "<group>"; };
		D7E1CDEF217EADB200337BA6 /* UILabel+category.h */ = {isa = PBXFileReference; lastKnownFileType = sourcecode.c.h; path = "UILabel+category.h"; sourceTree = "<group>"; };
		D7E1CDF0217EADB200337BA6 /* UILabel+category.m */ = {isa = PBXFileReference; lastKnownFileType = sourcecode.c.objc; path = "UILabel+category.m"; sourceTree = "<group>"; };
		D7E1CDF2217EB8E300337BA6 /* SkillsViewController.h */ = {isa = PBXFileReference; lastKnownFileType = sourcecode.c.h; path = SkillsViewController.h; sourceTree = "<group>"; };
		D7E1CDF3217EB8E300337BA6 /* SkillsViewController.m */ = {isa = PBXFileReference; lastKnownFileType = sourcecode.c.objc; path = SkillsViewController.m; sourceTree = "<group>"; };
		D7E3823B217EFF0D00089D49 /* CommonTools.h */ = {isa = PBXFileReference; lastKnownFileType = sourcecode.c.h; path = CommonTools.h; sourceTree = "<group>"; };
		D7E3823C217EFF0D00089D49 /* CommonTools.m */ = {isa = PBXFileReference; lastKnownFileType = sourcecode.c.objc; path = CommonTools.m; sourceTree = "<group>"; };
		D7EBF0032176E4A2008E0479 /* GCDViewController.h */ = {isa = PBXFileReference; lastKnownFileType = sourcecode.c.h; path = GCDViewController.h; sourceTree = "<group>"; };
		D7EBF0042176E4A2008E0479 /* GCDViewController.m */ = {isa = PBXFileReference; lastKnownFileType = sourcecode.c.objc; path = GCDViewController.m; sourceTree = "<group>"; };
		D7EBF006217715B0008E0479 /* BlockViewController.h */ = {isa = PBXFileReference; lastKnownFileType = sourcecode.c.h; path = BlockViewController.h; sourceTree = "<group>"; };
		D7EBF007217715B0008E0479 /* BlockViewController.m */ = {isa = PBXFileReference; lastKnownFileType = sourcecode.c.objc; path = BlockViewController.m; sourceTree = "<group>"; };
		D7EBF00921772AD5008E0479 /* BlockViewController(ARC).h */ = {isa = PBXFileReference; lastKnownFileType = sourcecode.c.h; path = "BlockViewController(ARC).h"; sourceTree = "<group>"; };
		D7EBF00A21772AD5008E0479 /* BlockViewController(ARC).m */ = {isa = PBXFileReference; lastKnownFileType = sourcecode.c.objc; path = "BlockViewController(ARC).m"; sourceTree = "<group>"; };
		D7F05C5D216B34CE00DC0A8A /* MainViewController.h */ = {isa = PBXFileReference; lastKnownFileType = sourcecode.c.h; path = MainViewController.h; sourceTree = "<group>"; };
		D7F05C5E216B34CE00DC0A8A /* MainViewController.m */ = {isa = PBXFileReference; lastKnownFileType = sourcecode.c.objc; path = MainViewController.m; sourceTree = "<group>"; };
/* End PBXFileReference section */

/* Begin PBXFrameworksBuildPhase section */
		D730CC7C214A0F6000028698 /* Frameworks */ = {
			isa = PBXFrameworksBuildPhase;
			buildActionMask = 2147483647;
			files = (
				893F1C827AE015D5E99F5A2C /* libPods-dispatch_semaphore.a in Frameworks */,
			);
			runOnlyForDeploymentPostprocessing = 0;
		};
		D730CC94214A0F6200028698 /* Frameworks */ = {
			isa = PBXFrameworksBuildPhase;
			buildActionMask = 2147483647;
			files = (
			);
			runOnlyForDeploymentPostprocessing = 0;
		};
		D730CC9F214A0F6200028698 /* Frameworks */ = {
			isa = PBXFrameworksBuildPhase;
			buildActionMask = 2147483647;
			files = (
			);
			runOnlyForDeploymentPostprocessing = 0;
		};
/* End PBXFrameworksBuildPhase section */

/* Begin PBXGroup section */
		C0AD0156B58149CCF042CB4A /* Pods */ = {
			isa = PBXGroup;
			children = (
				56CB6AED829017D73EEC58A0 /* Pods-dispatch_semaphore.debug.xcconfig */,
				841FD77EC02BBC5D98F84940 /* Pods-dispatch_semaphore.release.xcconfig */,
			);
			name = Pods;
			sourceTree = "<group>";
		};
		D730CC76214A0F6000028698 = {
			isa = PBXGroup;
			children = (
				D730CC81214A0F6000028698 /* dispatch_semaphore */,
				D730CC9A214A0F6200028698 /* dispatch_semaphoreTests */,
				D730CCA5214A0F6200028698 /* dispatch_semaphoreUITests */,
				D730CC80214A0F6000028698 /* Products */,
				C0AD0156B58149CCF042CB4A /* Pods */,
				E1FBBFA02C365ECBF6F14218 /* Frameworks */,
			);
			sourceTree = "<group>";
		};
		D730CC80214A0F6000028698 /* Products */ = {
			isa = PBXGroup;
			children = (
				D730CC7F214A0F6000028698 /* dispatch_semaphore.app */,
				D730CC97214A0F6200028698 /* dispatch_semaphoreTests.xctest */,
				D730CCA2214A0F6200028698 /* dispatch_semaphoreUITests.xctest */,
			);
			name = Products;
			sourceTree = "<group>";
		};
		D730CC81214A0F6000028698 /* dispatch_semaphore */ = {
			isa = PBXGroup;
			children = (
				D7832DF0217874030047ED1B /* UINavigationBar+ChangeColor.h */,
				D7832DF1217874030047ED1B /* UINavigationBar+ChangeColor.m */,
				D730CC82214A0F6000028698 /* AppDelegate.h */,
				D730CC83214A0F6000028698 /* AppDelegate.m */,
				D730CC85214A0F6000028698 /* ViewController.h */,
				D730CC86214A0F6000028698 /* ViewController.m */,
				D7F05C5D216B34CE00DC0A8A /* MainViewController.h */,
				D7F05C5E216B34CE00DC0A8A /* MainViewController.m */,
				D77893C421703EAE00B43DAD /* RootViewController.h */,
				D77893C521703EAE00B43DAD /* RootViewController.m */,
				D7EBF0032176E4A2008E0479 /* GCDViewController.h */,
				D7EBF0042176E4A2008E0479 /* GCDViewController.m */,
				D7EBF006217715B0008E0479 /* BlockViewController.h */,
				D7EBF007217715B0008E0479 /* BlockViewController.m */,
				D7EBF00921772AD5008E0479 /* BlockViewController(ARC).h */,
				D7EBF00A21772AD5008E0479 /* BlockViewController(ARC).m */,
				D7832DE7217815D80047ED1B /* ThemeViewController.h */,
				D7832DE8217815D80047ED1B /* ThemeViewController.m */,
				D7832DED2178650B0047ED1B /* EndViewController.h */,
				D7832DEE2178650B0047ED1B /* EndViewController.m */,
				D73A482A217969D500DFD8B6 /* NextViewController.h */,
				D73A482B217969D500DFD8B6 /* NextViewController.m */,
				D73A483A2179D98A00DFD8B6 /* ChildViewController.h */,
				D73A483B2179D98A00DFD8B6 /* ChildViewController.m */,
				D7E1CDF2217EB8E300337BA6 /* SkillsViewController.h */,
				D7E1CDF3217EB8E300337BA6 /* SkillsViewController.m */,
				D71EDF1F2186FAE300161F17 /* KVOViewController.h */,
				D71EDF202186FAE300161F17 /* KVOViewController.m */,
				D748B9492195638C00964758 /* YYAlertViewController.h */,
				D748B94A2195638C00964758 /* YYAlertViewController.m */,
				D768A00821990CFB000905B3 /* RetainCountViewController.h */,
				D768A00921990CFB000905B3 /* RetainCountViewController.m */,
				D768A04D21997FE6000905B3 /* HUViewController.h */,
				D768A04E21997FE6000905B3 /* HUViewController.m */,
				D768A04F21997FE6000905B3 /* HUViewController.xib */,
				D748B943219562E600964758 /* TimeTools.h */,
				D748B944219562E600964758 /* TimeTools.m */,
				D748B945219562E600964758 /* UIViewController+AlertViewAndActionSheet.h */,
				D748B946219562E600964758 /* UIViewController+AlertViewAndActionSheet.m */,
				D7E3823B217EFF0D00089D49 /* CommonTools.h */,
				D7E3823C217EFF0D00089D49 /* CommonTools.m */,
				D7832DF321787E3D0047ED1B /* UIImage+Color.h */,
				D7832DF421787E3D0047ED1B /* UIImage+Color.m */,
				D775BC4E217DA841000F9487 /* NSObject+swizzled.h */,
				D775BC4F217DA841000F9487 /* NSObject+swizzled.m */,
				D7E1CDEF217EADB200337BA6 /* UILabel+category.h */,
				D7E1CDF0217EADB200337BA6 /* UILabel+category.m */,
				D73A483421796D2700DFD8B6 /* UIView+DSL.h */,
				D73A483521796D2700DFD8B6 /* UIView+DSL.m */,
				D73A483121796C8100DFD8B6 /* UIImageView+DSL.h */,
				D73A483221796C8100DFD8B6 /* UIImageView+DSL.m */,
				D7406733217594BB007FCBBA /* UIButton+category.h */,
				D7406734217594BB007FCBBA /* UIButton+category.m */,
				D7832DFC21788B350047ED1B /* UIViewController+BaseClass.h */,
				D7832DFD21788B350047ED1B /* UIViewController+BaseClass.m */,
				D75D29C82181BB060072948A /* UILabel+Extension.h */,
				D73A48372179D33A00DFD8B6 /* NSString+category.h */,
				D73A48382179D33A00DFD8B6 /* NSString+category.m */,
				D7832DFF21788D050047ED1B /* GCDHelper.h */,
				D7832E0021788D050047ED1B /* GCDHelper.m */,
				D7832DEA21784F0D0047ED1B /* Person.h */,
				D7832DEB21784F0D0047ED1B /* Person.m */,
				D716BAE021806DF2004A6ECC /* YYTabBarController.h */,
				D716BAE121806DF2004A6ECC /* YYTabBarController.m */,
				D730CC88214A0F6000028698 /* Main.storyboard */,
				D730CC8B214A0F6200028698 /* Assets.xcassets */,
				D730CC8D214A0F6200028698 /* LaunchScreen.storyboard */,
				D730CC90214A0F6200028698 /* Info.plist */,
				D730CC91214A0F6200028698 /* main.m */,
				D73A482D21796A2100DFD8B6 /* PrefixHeader.pch */,
			);
			path = dispatch_semaphore;
			sourceTree = "<group>";
		};
		D730CC9A214A0F6200028698 /* dispatch_semaphoreTests */ = {
			isa = PBXGroup;
			children = (
				D730CC9B214A0F6200028698 /* dispatch_semaphoreTests.m */,
				D730CC9D214A0F6200028698 /* Info.plist */,
			);
			path = dispatch_semaphoreTests;
			sourceTree = "<group>";
		};
		D730CCA5214A0F6200028698 /* dispatch_semaphoreUITests */ = {
			isa = PBXGroup;
			children = (
				D730CCA6214A0F6200028698 /* dispatch_semaphoreUITests.m */,
				D730CCA8214A0F6200028698 /* Info.plist */,
			);
			path = dispatch_semaphoreUITests;
			sourceTree = "<group>";
		};
		E1FBBFA02C365ECBF6F14218 /* Frameworks */ = {
			isa = PBXGroup;
			children = (
				33C3FD22F0F4C63EE4C8DF9D /* libPods-dispatch_semaphore.a */,
			);
			name = Frameworks;
			sourceTree = "<group>";
		};
/* End PBXGroup section */

/* Begin PBXNativeTarget section */
		D730CC7E214A0F6000028698 /* dispatch_semaphore */ = {
			isa = PBXNativeTarget;
			buildConfigurationList = D730CCAB214A0F6200028698 /* Build configuration list for PBXNativeTarget "dispatch_semaphore" */;
			buildPhases = (
				47069725059C9929AA6E91A7 /* [CP] Check Pods Manifest.lock */,
				D730CC7B214A0F6000028698 /* Sources */,
				D730CC7C214A0F6000028698 /* Frameworks */,
				D730CC7D214A0F6000028698 /* Resources */,
				4F1BB7509002C9BE658B36EF /* [CP] Embed Pods Frameworks */,
				9ACC0DBD0065904064C60DB3 /* [CP] Copy Pods Resources */,
			);
			buildRules = (
			);
			dependencies = (
			);
			name = dispatch_semaphore;
			productName = dispatch_semaphore;
			productReference = D730CC7F214A0F6000028698 /* dispatch_semaphore.app */;
			productType = "com.apple.product-type.application";
		};
		D730CC96214A0F6200028698 /* dispatch_semaphoreTests */ = {
			isa = PBXNativeTarget;
			buildConfigurationList = D730CCAE214A0F6200028698 /* Build configuration list for PBXNativeTarget "dispatch_semaphoreTests" */;
			buildPhases = (
				D730CC93214A0F6200028698 /* Sources */,
				D730CC94214A0F6200028698 /* Frameworks */,
				D730CC95214A0F6200028698 /* Resources */,
			);
			buildRules = (
			);
			dependencies = (
				D730CC99214A0F6200028698 /* PBXTargetDependency */,
			);
			name = dispatch_semaphoreTests;
			productName = dispatch_semaphoreTests;
			productReference = D730CC97214A0F6200028698 /* dispatch_semaphoreTests.xctest */;
			productType = "com.apple.product-type.bundle.unit-test";
		};
		D730CCA1214A0F6200028698 /* dispatch_semaphoreUITests */ = {
			isa = PBXNativeTarget;
			buildConfigurationList = D730CCB1214A0F6200028698 /* Build configuration list for PBXNativeTarget "dispatch_semaphoreUITests" */;
			buildPhases = (
				D730CC9E214A0F6200028698 /* Sources */,
				D730CC9F214A0F6200028698 /* Frameworks */,
				D730CCA0214A0F6200028698 /* Resources */,
			);
			buildRules = (
			);
			dependencies = (
				D730CCA4214A0F6200028698 /* PBXTargetDependency */,
			);
			name = dispatch_semaphoreUITests;
			productName = dispatch_semaphoreUITests;
			productReference = D730CCA2214A0F6200028698 /* dispatch_semaphoreUITests.xctest */;
			productType = "com.apple.product-type.bundle.ui-testing";
		};
/* End PBXNativeTarget section */

/* Begin PBXProject section */
		D730CC77214A0F6000028698 /* Project object */ = {
			isa = PBXProject;
			attributes = {
				LastUpgradeCheck = 0930;
				ORGANIZATIONNAME = Yang;
				TargetAttributes = {
					D730CC7E214A0F6000028698 = {
						CreatedOnToolsVersion = 9.3.1;
					};
					D730CC96214A0F6200028698 = {
						CreatedOnToolsVersion = 9.3.1;
						TestTargetID = D730CC7E214A0F6000028698;
					};
					D730CCA1214A0F6200028698 = {
						CreatedOnToolsVersion = 9.3.1;
						TestTargetID = D730CC7E214A0F6000028698;
					};
				};
			};
			buildConfigurationList = D730CC7A214A0F6000028698 /* Build configuration list for PBXProject "dispatch_semaphore" */;
			compatibilityVersion = "Xcode 9.3";
			developmentRegion = en;
			hasScannedForEncodings = 0;
			knownRegions = (
				en,
				Base,
			);
			mainGroup = D730CC76214A0F6000028698;
			productRefGroup = D730CC80214A0F6000028698 /* Products */;
			projectDirPath = "";
			projectRoot = "";
			targets = (
				D730CC7E214A0F6000028698 /* dispatch_semaphore */,
				D730CC96214A0F6200028698 /* dispatch_semaphoreTests */,
				D730CCA1214A0F6200028698 /* dispatch_semaphoreUITests */,
			);
		};
/* End PBXProject section */

/* Begin PBXResourcesBuildPhase section */
		D730CC7D214A0F6000028698 /* Resources */ = {
			isa = PBXResourcesBuildPhase;
			buildActionMask = 2147483647;
			files = (
				D730CC8F214A0F6200028698 /* LaunchScreen.storyboard in Resources */,
				D768A05121997FE6000905B3 /* HUViewController.xib in Resources */,
				D730CC8C214A0F6200028698 /* Assets.xcassets in Resources */,
				D730CC8A214A0F6000028698 /* Main.storyboard in Resources */,
			);
			runOnlyForDeploymentPostprocessing = 0;
		};
		D730CC95214A0F6200028698 /* Resources */ = {
			isa = PBXResourcesBuildPhase;
			buildActionMask = 2147483647;
			files = (
			);
			runOnlyForDeploymentPostprocessing = 0;
		};
		D730CCA0214A0F6200028698 /* Resources */ = {
			isa = PBXResourcesBuildPhase;
			buildActionMask = 2147483647;
			files = (
			);
			runOnlyForDeploymentPostprocessing = 0;
		};
/* End PBXResourcesBuildPhase section */

/* Begin PBXShellScriptBuildPhase section */
		47069725059C9929AA6E91A7 /* [CP] Check Pods Manifest.lock */ = {
			isa = PBXShellScriptBuildPhase;
			buildActionMask = 2147483647;
			files = (
			);
			inputPaths = (
				"${PODS_PODFILE_DIR_PATH}/Podfile.lock",
				"${PODS_ROOT}/Manifest.lock",
			);
			name = "[CP] Check Pods Manifest.lock";
			outputPaths = (
				"$(DERIVED_FILE_DIR)/Pods-dispatch_semaphore-checkManifestLockResult.txt",
			);
			runOnlyForDeploymentPostprocessing = 0;
			shellPath = /bin/sh;
			shellScript = "diff \"${PODS_PODFILE_DIR_PATH}/Podfile.lock\" \"${PODS_ROOT}/Manifest.lock\" > /dev/null\nif [ $? != 0 ] ; then\n    # print error to STDERR\n    echo \"error: The sandbox is not in sync with the Podfile.lock. Run 'pod install' or update your CocoaPods installation.\" >&2\n    exit 1\nfi\n# This output is used by Xcode 'outputs' to avoid re-running this script phase.\necho \"SUCCESS\" > \"${SCRIPT_OUTPUT_FILE_0}\"\n";
			showEnvVarsInLog = 0;
		};
		4F1BB7509002C9BE658B36EF /* [CP] Embed Pods Frameworks */ = {
			isa = PBXShellScriptBuildPhase;
			buildActionMask = 2147483647;
			files = (
			);
			inputPaths = (
			);
			name = "[CP] Embed Pods Frameworks";
			outputPaths = (
			);
			runOnlyForDeploymentPostprocessing = 0;
			shellPath = /bin/sh;
			shellScript = "\"${SRCROOT}/Pods/Target Support Files/Pods-dispatch_semaphore/Pods-dispatch_semaphore-frameworks.sh\"\n";
			showEnvVarsInLog = 0;
		};
		9ACC0DBD0065904064C60DB3 /* [CP] Copy Pods Resources */ = {
			isa = PBXShellScriptBuildPhase;
			buildActionMask = 2147483647;
			files = (
			);
			inputPaths = (
			);
			name = "[CP] Copy Pods Resources";
			outputPaths = (
			);
			runOnlyForDeploymentPostprocessing = 0;
			shellPath = /bin/sh;
			shellScript = "\"${SRCROOT}/Pods/Target Support Files/Pods-dispatch_semaphore/Pods-dispatch_semaphore-resources.sh\"\n";
			showEnvVarsInLog = 0;
		};
/* End PBXShellScriptBuildPhase section */

/* Begin PBXSourcesBuildPhase section */
		D730CC7B214A0F6000028698 /* Sources */ = {
			isa = PBXSourcesBuildPhase;
			buildActionMask = 2147483647;
			files = (
				D7832DFE21788B350047ED1B /* UIViewController+BaseClass.m in Sources */,
				D730CC87214A0F6000028698 /* ViewController.m in Sources */,
				D73A483C2179D98A00DFD8B6 /* ChildViewController.m in Sources */,
				D7EBF00B21772AD5008E0479 /* BlockViewController(ARC).m in Sources */,
				D73A483621796D2700DFD8B6 /* UIView+DSL.m in Sources */,
				D7832DEC21784F0D0047ED1B /* Person.m in Sources */,
				D7832E0121788D050047ED1B /* GCDHelper.m in Sources */,
				D7832DE9217815D80047ED1B /* ThemeViewController.m in Sources */,
				D7832DEF2178650B0047ED1B /* EndViewController.m in Sources */,
				D768A05021997FE6000905B3 /* HUViewController.m in Sources */,
				D730CC92214A0F6200028698 /* main.m in Sources */,
				D7E1CDF4217EB8E300337BA6 /* SkillsViewController.m in Sources */,
				D768A00A21990CFB000905B3 /* RetainCountViewController.m in Sources */,
				D7832DF2217874030047ED1B /* UINavigationBar+ChangeColor.m in Sources */,
				D7E1CDF1217EADB200337BA6 /* UILabel+category.m in Sources */,
				D775BC50217DA841000F9487 /* NSObject+swizzled.m in Sources */,
				D7E3823D217EFF0D00089D49 /* CommonTools.m in Sources */,
				D748B94B2195638C00964758 /* YYAlertViewController.m in Sources */,
				D7EBF008217715B0008E0479 /* BlockViewController.m in Sources */,
				D73A48392179D33A00DFD8B6 /* NSString+category.m in Sources */,
				D73A483321796C8100DFD8B6 /* UIImageView+DSL.m in Sources */,
				D730CC84214A0F6000028698 /* AppDelegate.m in Sources */,
				D73A482C217969D500DFD8B6 /* NextViewController.m in Sources */,
				D71EDF212186FAE300161F17 /* KVOViewController.m in Sources */,
				D7832DF521787E3D0047ED1B /* UIImage+Color.m in Sources */,
				D748B948219562E700964758 /* UIViewController+AlertViewAndActionSheet.m in Sources */,
				D748B947219562E700964758 /* TimeTools.m in Sources */,
				D716BAE221806DF2004A6ECC /* YYTabBarController.m in Sources */,
				D7406735217594BB007FCBBA /* UIButton+category.m in Sources */,
				D7EBF0052176E4A2008E0479 /* GCDViewController.m in Sources */,
				D7F05C5F216B34CE00DC0A8A /* MainViewController.m in Sources */,
				D77893C621703EAE00B43DAD /* RootViewController.m in Sources */,
			);
			runOnlyForDeploymentPostprocessing = 0;
		};
		D730CC93214A0F6200028698 /* Sources */ = {
			isa = PBXSourcesBuildPhase;
			buildActionMask = 2147483647;
			files = (
				D730CC9C214A0F6200028698 /* dispatch_semaphoreTests.m in Sources */,
			);
			runOnlyForDeploymentPostprocessing = 0;
		};
		D730CC9E214A0F6200028698 /* Sources */ = {
			isa = PBXSourcesBuildPhase;
			buildActionMask = 2147483647;
			files = (
				D730CCA7214A0F6200028698 /* dispatch_semaphoreUITests.m in Sources */,
			);
			runOnlyForDeploymentPostprocessing = 0;
		};
/* End PBXSourcesBuildPhase section */

/* Begin PBXTargetDependency section */
		D730CC99214A0F6200028698 /* PBXTargetDependency */ = {
			isa = PBXTargetDependency;
			target = D730CC7E214A0F6000028698 /* dispatch_semaphore */;
			targetProxy = D730CC98214A0F6200028698 /* PBXContainerItemProxy */;
		};
		D730CCA4214A0F6200028698 /* PBXTargetDependency */ = {
			isa = PBXTargetDependency;
			target = D730CC7E214A0F6000028698 /* dispatch_semaphore */;
			targetProxy = D730CCA3214A0F6200028698 /* PBXContainerItemProxy */;
		};
/* End PBXTargetDependency section */

/* Begin PBXVariantGroup section */
		D730CC88214A0F6000028698 /* Main.storyboard */ = {
			isa = PBXVariantGroup;
			children = (
				D730CC89214A0F6000028698 /* Base */,
			);
			name = Main.storyboard;
			sourceTree = "<group>";
		};
		D730CC8D214A0F6200028698 /* LaunchScreen.storyboard */ = {
			isa = PBXVariantGroup;
			children = (
				D730CC8E214A0F6200028698 /* Base */,
			);
			name = LaunchScreen.storyboard;
			sourceTree = "<group>";
		};
/* End PBXVariantGroup section */

/* Begin XCBuildConfiguration section */
		D730CCA9214A0F6200028698 /* Debug */ = {
			isa = XCBuildConfiguration;
			buildSettings = {
				ALWAYS_SEARCH_USER_PATHS = NO;
				CLANG_ANALYZER_NONNULL = YES;
				CLANG_ANALYZER_NUMBER_OBJECT_CONVERSION = YES_AGGRESSIVE;
				CLANG_CXX_LANGUAGE_STANDARD = "gnu++14";
				CLANG_CXX_LIBRARY = "libc++";
				CLANG_ENABLE_MODULES = YES;
				CLANG_ENABLE_OBJC_ARC = YES;
				CLANG_ENABLE_OBJC_WEAK = YES;
				CLANG_WARN_BLOCK_CAPTURE_AUTORELEASING = YES;
				CLANG_WARN_BOOL_CONVERSION = YES;
				CLANG_WARN_COMMA = YES;
				CLANG_WARN_CONSTANT_CONVERSION = YES;
				CLANG_WARN_DEPRECATED_OBJC_IMPLEMENTATIONS = YES;
				CLANG_WARN_DIRECT_OBJC_ISA_USAGE = YES_ERROR;
				CLANG_WARN_DOCUMENTATION_COMMENTS = YES;
				CLANG_WARN_EMPTY_BODY = YES;
				CLANG_WARN_ENUM_CONVERSION = YES;
				CLANG_WARN_INFINITE_RECURSION = YES;
				CLANG_WARN_INT_CONVERSION = YES;
				CLANG_WARN_NON_LITERAL_NULL_CONVERSION = YES;
				CLANG_WARN_OBJC_IMPLICIT_RETAIN_SELF = YES;
				CLANG_WARN_OBJC_LITERAL_CONVERSION = YES;
				CLANG_WARN_OBJC_ROOT_CLASS = YES_ERROR;
				CLANG_WARN_RANGE_LOOP_ANALYSIS = YES;
				CLANG_WARN_STRICT_PROTOTYPES = YES;
				CLANG_WARN_SUSPICIOUS_MOVE = YES;
				CLANG_WARN_UNGUARDED_AVAILABILITY = YES_AGGRESSIVE;
				CLANG_WARN_UNREACHABLE_CODE = YES;
				CLANG_WARN__DUPLICATE_METHOD_MATCH = YES;
				CODE_SIGN_IDENTITY = "iPhone Developer";
				COPY_PHASE_STRIP = NO;
				DEBUG_INFORMATION_FORMAT = dwarf;
				ENABLE_STRICT_OBJC_MSGSEND = YES;
				ENABLE_TESTABILITY = YES;
				GCC_C_LANGUAGE_STANDARD = gnu11;
				GCC_DYNAMIC_NO_PIC = NO;
				GCC_NO_COMMON_BLOCKS = YES;
				GCC_OPTIMIZATION_LEVEL = 0;
				GCC_PREPROCESSOR_DEFINITIONS = (
					"DEBUG=1",
					"$(inherited)",
				);
				GCC_WARN_64_TO_32_BIT_CONVERSION = YES;
				GCC_WARN_ABOUT_RETURN_TYPE = YES_ERROR;
				GCC_WARN_UNDECLARED_SELECTOR = YES;
				GCC_WARN_UNINITIALIZED_AUTOS = YES_AGGRESSIVE;
				GCC_WARN_UNUSED_FUNCTION = YES;
				GCC_WARN_UNUSED_VARIABLE = YES;
				IPHONEOS_DEPLOYMENT_TARGET = 11.3;
				MTL_ENABLE_DEBUG_INFO = YES;
				ONLY_ACTIVE_ARCH = YES;
				SDKROOT = iphoneos;
			};
			name = Debug;
		};
		D730CCAA214A0F6200028698 /* Release */ = {
			isa = XCBuildConfiguration;
			buildSettings = {
				ALWAYS_SEARCH_USER_PATHS = NO;
				CLANG_ANALYZER_NONNULL = YES;
				CLANG_ANALYZER_NUMBER_OBJECT_CONVERSION = YES_AGGRESSIVE;
				CLANG_CXX_LANGUAGE_STANDARD = "gnu++14";
				CLANG_CXX_LIBRARY = "libc++";
				CLANG_ENABLE_MODULES = YES;
				CLANG_ENABLE_OBJC_ARC = YES;
				CLANG_ENABLE_OBJC_WEAK = YES;
				CLANG_WARN_BLOCK_CAPTURE_AUTORELEASING = YES;
				CLANG_WARN_BOOL_CONVERSION = YES;
				CLANG_WARN_COMMA = YES;
				CLANG_WARN_CONSTANT_CONVERSION = YES;
				CLANG_WARN_DEPRECATED_OBJC_IMPLEMENTATIONS = YES;
				CLANG_WARN_DIRECT_OBJC_ISA_USAGE = YES_ERROR;
				CLANG_WARN_DOCUMENTATION_COMMENTS = YES;
				CLANG_WARN_EMPTY_BODY = YES;
				CLANG_WARN_ENUM_CONVERSION = YES;
				CLANG_WARN_INFINITE_RECURSION = YES;
				CLANG_WARN_INT_CONVERSION = YES;
				CLANG_WARN_NON_LITERAL_NULL_CONVERSION = YES;
				CLANG_WARN_OBJC_IMPLICIT_RETAIN_SELF = YES;
				CLANG_WARN_OBJC_LITERAL_CONVERSION = YES;
				CLANG_WARN_OBJC_ROOT_CLASS = YES_ERROR;
				CLANG_WARN_RANGE_LOOP_ANALYSIS = YES;
				CLANG_WARN_STRICT_PROTOTYPES = YES;
				CLANG_WARN_SUSPICIOUS_MOVE = YES;
				CLANG_WARN_UNGUARDED_AVAILABILITY = YES_AGGRESSIVE;
				CLANG_WARN_UNREACHABLE_CODE = YES;
				CLANG_WARN__DUPLICATE_METHOD_MATCH = YES;
				CODE_SIGN_IDENTITY = "iPhone Developer";
				COPY_PHASE_STRIP = NO;
				DEBUG_INFORMATION_FORMAT = "dwarf-with-dsym";
				ENABLE_NS_ASSERTIONS = NO;
				ENABLE_STRICT_OBJC_MSGSEND = YES;
				GCC_C_LANGUAGE_STANDARD = gnu11;
				GCC_NO_COMMON_BLOCKS = YES;
				GCC_WARN_64_TO_32_BIT_CONVERSION = YES;
				GCC_WARN_ABOUT_RETURN_TYPE = YES_ERROR;
				GCC_WARN_UNDECLARED_SELECTOR = YES;
				GCC_WARN_UNINITIALIZED_AUTOS = YES_AGGRESSIVE;
				GCC_WARN_UNUSED_FUNCTION = YES;
				GCC_WARN_UNUSED_VARIABLE = YES;
				IPHONEOS_DEPLOYMENT_TARGET = 11.3;
				MTL_ENABLE_DEBUG_INFO = NO;
				SDKROOT = iphoneos;
				VALIDATE_PRODUCT = YES;
			};
			name = Release;
		};
		D730CCAC214A0F6200028698 /* Debug */ = {
			isa = XCBuildConfiguration;
			baseConfigurationReference = 56CB6AED829017D73EEC58A0 /* Pods-dispatch_semaphore.debug.xcconfig */;
			buildSettings = {
				ASSETCATALOG_COMPILER_APPICON_NAME = AppIcon;
				CODE_SIGN_STYLE = Automatic;
				DEVELOPMENT_TEAM = PNC38T2SL3;
				GCC_OPTIMIZATION_LEVEL = 0;
				GCC_PRECOMPILE_PREFIX_HEADER = YES;
				GCC_PREFIX_HEADER = dispatch_semaphore/PrefixHeader.pch;
				INFOPLIST_FILE = dispatch_semaphore/Info.plist;
				IPHONEOS_DEPLOYMENT_TARGET = 10.1;
				LD_RUNPATH_SEARCH_PATHS = (
					"$(inherited)",
					"@executable_path/Frameworks",
				);
				PRODUCT_BUNDLE_IDENTIFIER = "com.dispatch-semaphore.www.dispatch-semaphore";
				PRODUCT_NAME = "$(TARGET_NAME)";
				TARGETED_DEVICE_FAMILY = "1,2";
			};
			name = Debug;
		};
		D730CCAD214A0F6200028698 /* Release */ = {
			isa = XCBuildConfiguration;
			baseConfigurationReference = 841FD77EC02BBC5D98F84940 /* Pods-dispatch_semaphore.release.xcconfig */;
			buildSettings = {
				ASSETCATALOG_COMPILER_APPICON_NAME = AppIcon;
				CODE_SIGN_STYLE = Automatic;
				DEVELOPMENT_TEAM = PNC38T2SL3;
				GCC_OPTIMIZATION_LEVEL = 0;
				GCC_PRECOMPILE_PREFIX_HEADER = YES;
				GCC_PREFIX_HEADER = dispatch_semaphore/PrefixHeader.pch;
				INFOPLIST_FILE = dispatch_semaphore/Info.plist;
				IPHONEOS_DEPLOYMENT_TARGET = 10.1;
				LD_RUNPATH_SEARCH_PATHS = (
					"$(inherited)",
					"@executable_path/Frameworks",
				);
				PRODUCT_BUNDLE_IDENTIFIER = "com.dispatch-semaphore.www.dispatch-semaphore";
				PRODUCT_NAME = "$(TARGET_NAME)";
				TARGETED_DEVICE_FAMILY = "1,2";
			};
			name = Release;
		};
		D730CCAF214A0F6200028698 /* Debug */ = {
			isa = XCBuildConfiguration;
			buildSettings = {
				BUNDLE_LOADER = "$(TEST_HOST)";
				CODE_SIGN_STYLE = Automatic;
				INFOPLIST_FILE = dispatch_semaphoreTests/Info.plist;
				LD_RUNPATH_SEARCH_PATHS = (
					"$(inherited)",
					"@executable_path/Frameworks",
					"@loader_path/Frameworks",
				);
				PRODUCT_BUNDLE_IDENTIFIER = "com.dispatch-semaphore.www.dispatch-semaphoreTests";
				PRODUCT_NAME = "$(TARGET_NAME)";
				TARGETED_DEVICE_FAMILY = "1,2";
				TEST_HOST = "$(BUILT_PRODUCTS_DIR)/dispatch_semaphore.app/dispatch_semaphore";
			};
			name = Debug;
		};
		D730CCB0214A0F6200028698 /* Release */ = {
			isa = XCBuildConfiguration;
			buildSettings = {
				BUNDLE_LOADER = "$(TEST_HOST)";
				CODE_SIGN_STYLE = Automatic;
				INFOPLIST_FILE = dispatch_semaphoreTests/Info.plist;
				LD_RUNPATH_SEARCH_PATHS = (
					"$(inherited)",
					"@executable_path/Frameworks",
					"@loader_path/Frameworks",
				);
				PRODUCT_BUNDLE_IDENTIFIER = "com.dispatch-semaphore.www.dispatch-semaphoreTests";
				PRODUCT_NAME = "$(TARGET_NAME)";
				TARGETED_DEVICE_FAMILY = "1,2";
				TEST_HOST = "$(BUILT_PRODUCTS_DIR)/dispatch_semaphore.app/dispatch_semaphore";
			};
			name = Release;
		};
		D730CCB2214A0F6200028698 /* Debug */ = {
			isa = XCBuildConfiguration;
			buildSettings = {
				CODE_SIGN_STYLE = Automatic;
				INFOPLIST_FILE = dispatch_semaphoreUITests/Info.plist;
				LD_RUNPATH_SEARCH_PATHS = (
					"$(inherited)",
					"@executable_path/Frameworks",
					"@loader_path/Frameworks",
				);
				PRODUCT_BUNDLE_IDENTIFIER = "com.dispatch-semaphore.www.dispatch-semaphoreUITests";
				PRODUCT_NAME = "$(TARGET_NAME)";
				TARGETED_DEVICE_FAMILY = "1,2";
				TEST_TARGET_NAME = dispatch_semaphore;
			};
			name = Debug;
		};
		D730CCB3214A0F6200028698 /* Release */ = {
			isa = XCBuildConfiguration;
			buildSettings = {
				CODE_SIGN_STYLE = Automatic;
				INFOPLIST_FILE = dispatch_semaphoreUITests/Info.plist;
				LD_RUNPATH_SEARCH_PATHS = (
					"$(inherited)",
					"@executable_path/Frameworks",
					"@loader_path/Frameworks",
				);
				PRODUCT_BUNDLE_IDENTIFIER = "com.dispatch-semaphore.www.dispatch-semaphoreUITests";
				PRODUCT_NAME = "$(TARGET_NAME)";
				TARGETED_DEVICE_FAMILY = "1,2";
				TEST_TARGET_NAME = dispatch_semaphore;
			};
			name = Release;
		};
/* End XCBuildConfiguration section */

/* Begin XCConfigurationList section */
		D730CC7A214A0F6000028698 /* Build configuration list for PBXProject "dispatch_semaphore" */ = {
			isa = XCConfigurationList;
			buildConfigurations = (
				D730CCA9214A0F6200028698 /* Debug */,
				D730CCAA214A0F6200028698 /* Release */,
			);
			defaultConfigurationIsVisible = 0;
			defaultConfigurationName = Release;
		};
		D730CCAB214A0F6200028698 /* Build configuration list for PBXNativeTarget "dispatch_semaphore" */ = {
			isa = XCConfigurationList;
			buildConfigurations = (
				D730CCAC214A0F6200028698 /* Debug */,
				D730CCAD214A0F6200028698 /* Release */,
			);
			defaultConfigurationIsVisible = 0;
			defaultConfigurationName = Release;
		};
		D730CCAE214A0F6200028698 /* Build configuration list for PBXNativeTarget "dispatch_semaphoreTests" */ = {
			isa = XCConfigurationList;
			buildConfigurations = (
				D730CCAF214A0F6200028698 /* Debug */,
				D730CCB0214A0F6200028698 /* Release */,
			);
			defaultConfigurationIsVisible = 0;
			defaultConfigurationName = Release;
		};
		D730CCB1214A0F6200028698 /* Build configuration list for PBXNativeTarget "dispatch_semaphoreUITests" */ = {
			isa = XCConfigurationList;
			buildConfigurations = (
				D730CCB2214A0F6200028698 /* Debug */,
				D730CCB3214A0F6200028698 /* Release */,
			);
			defaultConfigurationIsVisible = 0;
			defaultConfigurationName = Release;
		};
/* End XCConfigurationList section */
	};
	rootObject = D730CC77214A0F6000028698 /* Project object */;
}
